// !$*UTF8*$!
{
	archiveVersion = 1;
	classes = {
	};
	objectVersion = 54;
	objects = {

/* Begin PBXBuildFile section */
		00E356F31AD99517003FC87E /* RNTemplateTests.m in Sources */ = {isa = PBXBuildFile; fileRef = 00E356F21AD99517003FC87E /* RNTemplateTests.m */; };
		0C80B921A6F3F58F76C31292 /* (null) in Frameworks */ = {isa = PBXBuildFile; };
		13B07FBC1A68108700A75B9A /* AppDelegate.mm in Sources */ = {isa = PBXBuildFile; fileRef = 13B07FB01A68108700A75B9A /* AppDelegate.mm */; };
		13B07FBF1A68108700A75B9A /* Images.xcassets in Resources */ = {isa = PBXBuildFile; fileRef = 13B07FB51A68108700A75B9A /* Images.xcassets */; };
		13B07FC11A68108700A75B9A /* main.m in Sources */ = {isa = PBXBuildFile; fileRef = 13B07FB71A68108700A75B9A /* main.m */; };
		31FAD2CF175E447D92E371F7 /* Roboto-Medium.ttf in Resources */ = {isa = PBXBuildFile; fileRef = 09B23698F9B24BA69743FBEF /* Roboto-Medium.ttf */; };
		3545FE741E574CC8B7183F5F /* Roboto-BlackItalic.ttf in Resources */ = {isa = PBXBuildFile; fileRef = E56E0B27705C4AC5AEF2A8B1 /* Roboto-BlackItalic.ttf */; };
		4EEC4BF3E393372764F9E23D /* libPods-RNTemplate.a in Frameworks */ = {isa = PBXBuildFile; fileRef = A17BD6F579534D32BAA4329B /* libPods-RNTemplate.a */; };
		7699B88040F8A987B510C191 /* libPods-RNTemplate-RNTemplateTests.a in Frameworks */ = {isa = PBXBuildFile; fileRef = 19F6CBCC0A4E27FBF8BF4A61 /* libPods-RNTemplate-RNTemplateTests.a */; };
		7C85DEF55F914D23863C9B0A /* Roboto-Regular.ttf in Resources */ = {isa = PBXBuildFile; fileRef = 887BC82B95CE451CB82952B7 /* Roboto-Regular.ttf */; };
		81AB9BB82411601600AC10FF /* LaunchScreen.storyboard in Resources */ = {isa = PBXBuildFile; fileRef = 81AB9BB72411601600AC10FF /* LaunchScreen.storyboard */; };
		9F42BD63C2544BD0B5C332FD /* Roboto-MediumItalic.ttf in Resources */ = {isa = PBXBuildFile; fileRef = DA88E53A80AE4859A62D97E4 /* Roboto-MediumItalic.ttf */; };
		A23A46DF00E14EA08361FD05 /* Roboto-LightItalic.ttf in Resources */ = {isa = PBXBuildFile; fileRef = 3B8AC3D7B0CA4FD098E1CBBC /* Roboto-LightItalic.ttf */; };
		AD75DA0B2AA2302C00CAC12C /* Fontisto.ttf in Resources */ = {isa = PBXBuildFile; fileRef = AD75D9F82AA2302C00CAC12C /* Fontisto.ttf */; };
		AD75DA0C2AA2302C00CAC12C /* Fontisto.ttf in Resources */ = {isa = PBXBuildFile; fileRef = AD75D9F82AA2302C00CAC12C /* Fontisto.ttf */; };
		AD75DA0D2AA2302C00CAC12C /* Fontisto.ttf in Resources */ = {isa = PBXBuildFile; fileRef = AD75D9F82AA2302C00CAC12C /* Fontisto.ttf */; };
		AD75DA0E2AA2302C00CAC12C /* Fontisto.ttf in Resources */ = {isa = PBXBuildFile; fileRef = AD75D9F82AA2302C00CAC12C /* Fontisto.ttf */; };
		AD75DA0F2AA2302C00CAC12C /* Octicons.ttf in Resources */ = {isa = PBXBuildFile; fileRef = AD75D9F92AA2302C00CAC12C /* Octicons.ttf */; };
		AD75DA102AA2302C00CAC12C /* Octicons.ttf in Resources */ = {isa = PBXBuildFile; fileRef = AD75D9F92AA2302C00CAC12C /* Octicons.ttf */; };
		AD75DA112AA2302C00CAC12C /* Octicons.ttf in Resources */ = {isa = PBXBuildFile; fileRef = AD75D9F92AA2302C00CAC12C /* Octicons.ttf */; };
		AD75DA122AA2302C00CAC12C /* Octicons.ttf in Resources */ = {isa = PBXBuildFile; fileRef = AD75D9F92AA2302C00CAC12C /* Octicons.ttf */; };
		AD75DA132AA2302C00CAC12C /* Feather.ttf in Resources */ = {isa = PBXBuildFile; fileRef = AD75D9FA2AA2302C00CAC12C /* Feather.ttf */; };
		AD75DA142AA2302C00CAC12C /* Feather.ttf in Resources */ = {isa = PBXBuildFile; fileRef = AD75D9FA2AA2302C00CAC12C /* Feather.ttf */; };
		AD75DA152AA2302C00CAC12C /* Feather.ttf in Resources */ = {isa = PBXBuildFile; fileRef = AD75D9FA2AA2302C00CAC12C /* Feather.ttf */; };
		AD75DA162AA2302C00CAC12C /* Feather.ttf in Resources */ = {isa = PBXBuildFile; fileRef = AD75D9FA2AA2302C00CAC12C /* Feather.ttf */; };
		AD75DA172AA2302C00CAC12C /* FontAwesome6_Regular.ttf in Resources */ = {isa = PBXBuildFile; fileRef = AD75D9FB2AA2302C00CAC12C /* FontAwesome6_Regular.ttf */; };
		AD75DA182AA2302C00CAC12C /* FontAwesome6_Regular.ttf in Resources */ = {isa = PBXBuildFile; fileRef = AD75D9FB2AA2302C00CAC12C /* FontAwesome6_Regular.ttf */; };
		AD75DA192AA2302C00CAC12C /* FontAwesome6_Regular.ttf in Resources */ = {isa = PBXBuildFile; fileRef = AD75D9FB2AA2302C00CAC12C /* FontAwesome6_Regular.ttf */; };
		AD75DA1A2AA2302C00CAC12C /* FontAwesome6_Regular.ttf in Resources */ = {isa = PBXBuildFile; fileRef = AD75D9FB2AA2302C00CAC12C /* FontAwesome6_Regular.ttf */; };
		AD75DA1B2AA2302C00CAC12C /* Entypo.ttf in Resources */ = {isa = PBXBuildFile; fileRef = AD75D9FC2AA2302C00CAC12C /* Entypo.ttf */; };
		AD75DA1C2AA2302C00CAC12C /* Entypo.ttf in Resources */ = {isa = PBXBuildFile; fileRef = AD75D9FC2AA2302C00CAC12C /* Entypo.ttf */; };
		AD75DA1D2AA2302C00CAC12C /* Entypo.ttf in Resources */ = {isa = PBXBuildFile; fileRef = AD75D9FC2AA2302C00CAC12C /* Entypo.ttf */; };
		AD75DA1E2AA2302C00CAC12C /* Entypo.ttf in Resources */ = {isa = PBXBuildFile; fileRef = AD75D9FC2AA2302C00CAC12C /* Entypo.ttf */; };
		AD75DA1F2AA2302C00CAC12C /* FontAwesome5_Brands.ttf in Resources */ = {isa = PBXBuildFile; fileRef = AD75D9FD2AA2302C00CAC12C /* FontAwesome5_Brands.ttf */; };
		AD75DA202AA2302C00CAC12C /* FontAwesome5_Brands.ttf in Resources */ = {isa = PBXBuildFile; fileRef = AD75D9FD2AA2302C00CAC12C /* FontAwesome5_Brands.ttf */; };
		AD75DA212AA2302C00CAC12C /* FontAwesome5_Brands.ttf in Resources */ = {isa = PBXBuildFile; fileRef = AD75D9FD2AA2302C00CAC12C /* FontAwesome5_Brands.ttf */; };
		AD75DA222AA2302C00CAC12C /* FontAwesome5_Brands.ttf in Resources */ = {isa = PBXBuildFile; fileRef = AD75D9FD2AA2302C00CAC12C /* FontAwesome5_Brands.ttf */; };
		AD75DA232AA2302C00CAC12C /* MaterialCommunityIcons.ttf in Resources */ = {isa = PBXBuildFile; fileRef = AD75D9FE2AA2302C00CAC12C /* MaterialCommunityIcons.ttf */; };
		AD75DA242AA2302C00CAC12C /* MaterialCommunityIcons.ttf in Resources */ = {isa = PBXBuildFile; fileRef = AD75D9FE2AA2302C00CAC12C /* MaterialCommunityIcons.ttf */; };
		AD75DA252AA2302C00CAC12C /* MaterialCommunityIcons.ttf in Resources */ = {isa = PBXBuildFile; fileRef = AD75D9FE2AA2302C00CAC12C /* MaterialCommunityIcons.ttf */; };
		AD75DA262AA2302C00CAC12C /* MaterialCommunityIcons.ttf in Resources */ = {isa = PBXBuildFile; fileRef = AD75D9FE2AA2302C00CAC12C /* MaterialCommunityIcons.ttf */; };
		AD75DA272AA2302C00CAC12C /* AntDesign.ttf in Resources */ = {isa = PBXBuildFile; fileRef = AD75D9FF2AA2302C00CAC12C /* AntDesign.ttf */; };
		AD75DA282AA2302C00CAC12C /* AntDesign.ttf in Resources */ = {isa = PBXBuildFile; fileRef = AD75D9FF2AA2302C00CAC12C /* AntDesign.ttf */; };
		AD75DA292AA2302C00CAC12C /* AntDesign.ttf in Resources */ = {isa = PBXBuildFile; fileRef = AD75D9FF2AA2302C00CAC12C /* AntDesign.ttf */; };
		AD75DA2A2AA2302C00CAC12C /* AntDesign.ttf in Resources */ = {isa = PBXBuildFile; fileRef = AD75D9FF2AA2302C00CAC12C /* AntDesign.ttf */; };
		AD75DA2B2AA2302C00CAC12C /* Foundation.ttf in Resources */ = {isa = PBXBuildFile; fileRef = AD75DA002AA2302C00CAC12C /* Foundation.ttf */; };
		AD75DA2C2AA2302C00CAC12C /* Foundation.ttf in Resources */ = {isa = PBXBuildFile; fileRef = AD75DA002AA2302C00CAC12C /* Foundation.ttf */; };
		AD75DA2D2AA2302C00CAC12C /* Foundation.ttf in Resources */ = {isa = PBXBuildFile; fileRef = AD75DA002AA2302C00CAC12C /* Foundation.ttf */; };
		AD75DA2E2AA2302C00CAC12C /* Foundation.ttf in Resources */ = {isa = PBXBuildFile; fileRef = AD75DA002AA2302C00CAC12C /* Foundation.ttf */; };
		AD75DA2F2AA2302C00CAC12C /* Ionicons.ttf in Resources */ = {isa = PBXBuildFile; fileRef = AD75DA012AA2302C00CAC12C /* Ionicons.ttf */; };
		AD75DA302AA2302C00CAC12C /* Ionicons.ttf in Resources */ = {isa = PBXBuildFile; fileRef = AD75DA012AA2302C00CAC12C /* Ionicons.ttf */; };
		AD75DA312AA2302C00CAC12C /* Ionicons.ttf in Resources */ = {isa = PBXBuildFile; fileRef = AD75DA012AA2302C00CAC12C /* Ionicons.ttf */; };
		AD75DA322AA2302C00CAC12C /* Ionicons.ttf in Resources */ = {isa = PBXBuildFile; fileRef = AD75DA012AA2302C00CAC12C /* Ionicons.ttf */; };
		AD75DA332AA2302C00CAC12C /* FontAwesome5_Solid.ttf in Resources */ = {isa = PBXBuildFile; fileRef = AD75DA022AA2302C00CAC12C /* FontAwesome5_Solid.ttf */; };
		AD75DA342AA2302C00CAC12C /* FontAwesome5_Solid.ttf in Resources */ = {isa = PBXBuildFile; fileRef = AD75DA022AA2302C00CAC12C /* FontAwesome5_Solid.ttf */; };
		AD75DA352AA2302C00CAC12C /* FontAwesome5_Solid.ttf in Resources */ = {isa = PBXBuildFile; fileRef = AD75DA022AA2302C00CAC12C /* FontAwesome5_Solid.ttf */; };
		AD75DA362AA2302C00CAC12C /* FontAwesome5_Solid.ttf in Resources */ = {isa = PBXBuildFile; fileRef = AD75DA022AA2302C00CAC12C /* FontAwesome5_Solid.ttf */; };
		AD75DA372AA2302C00CAC12C /* FontAwesome5_Regular.ttf in Resources */ = {isa = PBXBuildFile; fileRef = AD75DA032AA2302C00CAC12C /* FontAwesome5_Regular.ttf */; };
		AD75DA382AA2302C00CAC12C /* FontAwesome5_Regular.ttf in Resources */ = {isa = PBXBuildFile; fileRef = AD75DA032AA2302C00CAC12C /* FontAwesome5_Regular.ttf */; };
		AD75DA392AA2302C00CAC12C /* FontAwesome5_Regular.ttf in Resources */ = {isa = PBXBuildFile; fileRef = AD75DA032AA2302C00CAC12C /* FontAwesome5_Regular.ttf */; };
		AD75DA3A2AA2302C00CAC12C /* FontAwesome5_Regular.ttf in Resources */ = {isa = PBXBuildFile; fileRef = AD75DA032AA2302C00CAC12C /* FontAwesome5_Regular.ttf */; };
		AD75DA3B2AA2302C00CAC12C /* FontAwesome.ttf in Resources */ = {isa = PBXBuildFile; fileRef = AD75DA042AA2302C00CAC12C /* FontAwesome.ttf */; };
		AD75DA3C2AA2302C00CAC12C /* FontAwesome.ttf in Resources */ = {isa = PBXBuildFile; fileRef = AD75DA042AA2302C00CAC12C /* FontAwesome.ttf */; };
		AD75DA3D2AA2302C00CAC12C /* FontAwesome.ttf in Resources */ = {isa = PBXBuildFile; fileRef = AD75DA042AA2302C00CAC12C /* FontAwesome.ttf */; };
		AD75DA3E2AA2302C00CAC12C /* FontAwesome.ttf in Resources */ = {isa = PBXBuildFile; fileRef = AD75DA042AA2302C00CAC12C /* FontAwesome.ttf */; };
		AD75DA3F2AA2302C00CAC12C /* Zocial.ttf in Resources */ = {isa = PBXBuildFile; fileRef = AD75DA052AA2302C00CAC12C /* Zocial.ttf */; };
		AD75DA402AA2302C00CAC12C /* Zocial.ttf in Resources */ = {isa = PBXBuildFile; fileRef = AD75DA052AA2302C00CAC12C /* Zocial.ttf */; };
		AD75DA412AA2302C00CAC12C /* Zocial.ttf in Resources */ = {isa = PBXBuildFile; fileRef = AD75DA052AA2302C00CAC12C /* Zocial.ttf */; };
		AD75DA422AA2302C00CAC12C /* Zocial.ttf in Resources */ = {isa = PBXBuildFile; fileRef = AD75DA052AA2302C00CAC12C /* Zocial.ttf */; };
		AD75DA432AA2302C00CAC12C /* EvilIcons.ttf in Resources */ = {isa = PBXBuildFile; fileRef = AD75DA062AA2302C00CAC12C /* EvilIcons.ttf */; };
		AD75DA442AA2302C00CAC12C /* EvilIcons.ttf in Resources */ = {isa = PBXBuildFile; fileRef = AD75DA062AA2302C00CAC12C /* EvilIcons.ttf */; };
		AD75DA452AA2302C00CAC12C /* EvilIcons.ttf in Resources */ = {isa = PBXBuildFile; fileRef = AD75DA062AA2302C00CAC12C /* EvilIcons.ttf */; };
		AD75DA462AA2302C00CAC12C /* EvilIcons.ttf in Resources */ = {isa = PBXBuildFile; fileRef = AD75DA062AA2302C00CAC12C /* EvilIcons.ttf */; };
		AD75DA472AA2302D00CAC12C /* FontAwesome6_Solid.ttf in Resources */ = {isa = PBXBuildFile; fileRef = AD75DA072AA2302C00CAC12C /* FontAwesome6_Solid.ttf */; };
		AD75DA482AA2302D00CAC12C /* FontAwesome6_Solid.ttf in Resources */ = {isa = PBXBuildFile; fileRef = AD75DA072AA2302C00CAC12C /* FontAwesome6_Solid.ttf */; };
		AD75DA492AA2302D00CAC12C /* FontAwesome6_Solid.ttf in Resources */ = {isa = PBXBuildFile; fileRef = AD75DA072AA2302C00CAC12C /* FontAwesome6_Solid.ttf */; };
		AD75DA4A2AA2302D00CAC12C /* FontAwesome6_Solid.ttf in Resources */ = {isa = PBXBuildFile; fileRef = AD75DA072AA2302C00CAC12C /* FontAwesome6_Solid.ttf */; };
		AD75DA4B2AA2302D00CAC12C /* SimpleLineIcons.ttf in Resources */ = {isa = PBXBuildFile; fileRef = AD75DA082AA2302C00CAC12C /* SimpleLineIcons.ttf */; };
		AD75DA4C2AA2302D00CAC12C /* SimpleLineIcons.ttf in Resources */ = {isa = PBXBuildFile; fileRef = AD75DA082AA2302C00CAC12C /* SimpleLineIcons.ttf */; };
		AD75DA4D2AA2302D00CAC12C /* SimpleLineIcons.ttf in Resources */ = {isa = PBXBuildFile; fileRef = AD75DA082AA2302C00CAC12C /* SimpleLineIcons.ttf */; };
		AD75DA4E2AA2302D00CAC12C /* SimpleLineIcons.ttf in Resources */ = {isa = PBXBuildFile; fileRef = AD75DA082AA2302C00CAC12C /* SimpleLineIcons.ttf */; };
		AD75DA4F2AA2302D00CAC12C /* FontAwesome6_Brands.ttf in Resources */ = {isa = PBXBuildFile; fileRef = AD75DA092AA2302C00CAC12C /* FontAwesome6_Brands.ttf */; };
		AD75DA502AA2302D00CAC12C /* FontAwesome6_Brands.ttf in Resources */ = {isa = PBXBuildFile; fileRef = AD75DA092AA2302C00CAC12C /* FontAwesome6_Brands.ttf */; };
		AD75DA512AA2302D00CAC12C /* FontAwesome6_Brands.ttf in Resources */ = {isa = PBXBuildFile; fileRef = AD75DA092AA2302C00CAC12C /* FontAwesome6_Brands.ttf */; };
		AD75DA522AA2302D00CAC12C /* FontAwesome6_Brands.ttf in Resources */ = {isa = PBXBuildFile; fileRef = AD75DA092AA2302C00CAC12C /* FontAwesome6_Brands.ttf */; };
		AD75DA532AA2302D00CAC12C /* MaterialIcons.ttf in Resources */ = {isa = PBXBuildFile; fileRef = AD75DA0A2AA2302C00CAC12C /* MaterialIcons.ttf */; };
		AD75DA542AA2302D00CAC12C /* MaterialIcons.ttf in Resources */ = {isa = PBXBuildFile; fileRef = AD75DA0A2AA2302C00CAC12C /* MaterialIcons.ttf */; };
		AD75DA552AA2302D00CAC12C /* MaterialIcons.ttf in Resources */ = {isa = PBXBuildFile; fileRef = AD75DA0A2AA2302C00CAC12C /* MaterialIcons.ttf */; };
		AD75DA562AA2302D00CAC12C /* MaterialIcons.ttf in Resources */ = {isa = PBXBuildFile; fileRef = AD75DA0A2AA2302C00CAC12C /* MaterialIcons.ttf */; };
		AD75DA582AA232A200CAC12C /* Roboto-Black.ttf in Resources */ = {isa = PBXBuildFile; fileRef = 24E27EA15FB34E17922608AB /* Roboto-Black.ttf */; };
		AD75DA592AA232A200CAC12C /* Roboto-BlackItalic.ttf in Resources */ = {isa = PBXBuildFile; fileRef = E56E0B27705C4AC5AEF2A8B1 /* Roboto-BlackItalic.ttf */; };
		AD75DA5A2AA232A200CAC12C /* Roboto-Bold.ttf in Resources */ = {isa = PBXBuildFile; fileRef = ACA3AE3695FA4A999893A152 /* Roboto-Bold.ttf */; };
		AD75DA5B2AA232A200CAC12C /* Roboto-BoldItalic.ttf in Resources */ = {isa = PBXBuildFile; fileRef = C8944E5C285D495E9058799E /* Roboto-BoldItalic.ttf */; };
		AD75DA5C2AA232A200CAC12C /* Roboto-Italic.ttf in Resources */ = {isa = PBXBuildFile; fileRef = 1F845F6CB40C401F9EBD36ED /* Roboto-Italic.ttf */; };
		AD75DA5D2AA232A200CAC12C /* Roboto-Light.ttf in Resources */ = {isa = PBXBuildFile; fileRef = D3C1019F1B024D5796049773 /* Roboto-Light.ttf */; };
		AD75DA5E2AA232A200CAC12C /* Roboto-LightItalic.ttf in Resources */ = {isa = PBXBuildFile; fileRef = 3B8AC3D7B0CA4FD098E1CBBC /* Roboto-LightItalic.ttf */; };
		AD75DA5F2AA232A200CAC12C /* Roboto-Medium.ttf in Resources */ = {isa = PBXBuildFile; fileRef = 09B23698F9B24BA69743FBEF /* Roboto-Medium.ttf */; };
		AD75DA602AA232A200CAC12C /* Roboto-MediumItalic.ttf in Resources */ = {isa = PBXBuildFile; fileRef = DA88E53A80AE4859A62D97E4 /* Roboto-MediumItalic.ttf */; };
		AD75DA612AA232A200CAC12C /* Roboto-Regular.ttf in Resources */ = {isa = PBXBuildFile; fileRef = 887BC82B95CE451CB82952B7 /* Roboto-Regular.ttf */; };
		AD75DA622AA232A200CAC12C /* Roboto-Thin.ttf in Resources */ = {isa = PBXBuildFile; fileRef = 4DE5FD388F0546E488ABC10D /* Roboto-Thin.ttf */; };
		AD75DA632AA232A200CAC12C /* Roboto-ThinItalic.ttf in Resources */ = {isa = PBXBuildFile; fileRef = 4401A25EAEE34CDC8E72FBA2 /* Roboto-ThinItalic.ttf */; };
		AD75DA642AA232B500CAC12C /* Roboto-Black.ttf in Resources */ = {isa = PBXBuildFile; fileRef = 24E27EA15FB34E17922608AB /* Roboto-Black.ttf */; };
		AD75DA652AA232B500CAC12C /* Roboto-BlackItalic.ttf in Resources */ = {isa = PBXBuildFile; fileRef = E56E0B27705C4AC5AEF2A8B1 /* Roboto-BlackItalic.ttf */; };
		AD75DA662AA232B500CAC12C /* Roboto-Bold.ttf in Resources */ = {isa = PBXBuildFile; fileRef = ACA3AE3695FA4A999893A152 /* Roboto-Bold.ttf */; };
		AD75DA672AA232B500CAC12C /* Roboto-BoldItalic.ttf in Resources */ = {isa = PBXBuildFile; fileRef = C8944E5C285D495E9058799E /* Roboto-BoldItalic.ttf */; };
		AD75DA682AA232B500CAC12C /* Roboto-Italic.ttf in Resources */ = {isa = PBXBuildFile; fileRef = 1F845F6CB40C401F9EBD36ED /* Roboto-Italic.ttf */; };
		AD75DA692AA232B500CAC12C /* Roboto-Light.ttf in Resources */ = {isa = PBXBuildFile; fileRef = D3C1019F1B024D5796049773 /* Roboto-Light.ttf */; };
		AD75DA6A2AA232B500CAC12C /* Roboto-LightItalic.ttf in Resources */ = {isa = PBXBuildFile; fileRef = 3B8AC3D7B0CA4FD098E1CBBC /* Roboto-LightItalic.ttf */; };
		AD75DA6B2AA232B500CAC12C /* Roboto-Medium.ttf in Resources */ = {isa = PBXBuildFile; fileRef = 09B23698F9B24BA69743FBEF /* Roboto-Medium.ttf */; };
		AD75DA6C2AA232B500CAC12C /* Roboto-MediumItalic.ttf in Resources */ = {isa = PBXBuildFile; fileRef = DA88E53A80AE4859A62D97E4 /* Roboto-MediumItalic.ttf */; };
		AD75DA6D2AA232B500CAC12C /* Roboto-Regular.ttf in Resources */ = {isa = PBXBuildFile; fileRef = 887BC82B95CE451CB82952B7 /* Roboto-Regular.ttf */; };
		AD75DA6E2AA232B500CAC12C /* Roboto-Thin.ttf in Resources */ = {isa = PBXBuildFile; fileRef = 4DE5FD388F0546E488ABC10D /* Roboto-Thin.ttf */; };
		AD75DA6F2AA232B500CAC12C /* Roboto-ThinItalic.ttf in Resources */ = {isa = PBXBuildFile; fileRef = 4401A25EAEE34CDC8E72FBA2 /* Roboto-ThinItalic.ttf */; };
		AD75DA702AA232C600CAC12C /* Roboto-Black.ttf in Resources */ = {isa = PBXBuildFile; fileRef = 24E27EA15FB34E17922608AB /* Roboto-Black.ttf */; };
		AD75DA712AA232C600CAC12C /* Roboto-BlackItalic.ttf in Resources */ = {isa = PBXBuildFile; fileRef = E56E0B27705C4AC5AEF2A8B1 /* Roboto-BlackItalic.ttf */; };
		AD75DA722AA232C600CAC12C /* Roboto-Bold.ttf in Resources */ = {isa = PBXBuildFile; fileRef = ACA3AE3695FA4A999893A152 /* Roboto-Bold.ttf */; };
		AD75DA732AA232C600CAC12C /* Roboto-BoldItalic.ttf in Resources */ = {isa = PBXBuildFile; fileRef = C8944E5C285D495E9058799E /* Roboto-BoldItalic.ttf */; };
		AD75DA742AA232C600CAC12C /* Roboto-Italic.ttf in Resources */ = {isa = PBXBuildFile; fileRef = 1F845F6CB40C401F9EBD36ED /* Roboto-Italic.ttf */; };
		AD75DA752AA232C600CAC12C /* Roboto-Light.ttf in Resources */ = {isa = PBXBuildFile; fileRef = D3C1019F1B024D5796049773 /* Roboto-Light.ttf */; };
		AD75DA762AA232C600CAC12C /* Roboto-LightItalic.ttf in Resources */ = {isa = PBXBuildFile; fileRef = 3B8AC3D7B0CA4FD098E1CBBC /* Roboto-LightItalic.ttf */; };
		AD75DA772AA232C600CAC12C /* Roboto-Medium.ttf in Resources */ = {isa = PBXBuildFile; fileRef = 09B23698F9B24BA69743FBEF /* Roboto-Medium.ttf */; };
		AD75DA782AA232C600CAC12C /* Roboto-MediumItalic.ttf in Resources */ = {isa = PBXBuildFile; fileRef = DA88E53A80AE4859A62D97E4 /* Roboto-MediumItalic.ttf */; };
		AD75DA792AA232C600CAC12C /* Roboto-Regular.ttf in Resources */ = {isa = PBXBuildFile; fileRef = 887BC82B95CE451CB82952B7 /* Roboto-Regular.ttf */; };
		AD75DA7A2AA232C600CAC12C /* Roboto-Thin.ttf in Resources */ = {isa = PBXBuildFile; fileRef = 4DE5FD388F0546E488ABC10D /* Roboto-Thin.ttf */; };
		AD75DA7B2AA232C600CAC12C /* Roboto-ThinItalic.ttf in Resources */ = {isa = PBXBuildFile; fileRef = 4401A25EAEE34CDC8E72FBA2 /* Roboto-ThinItalic.ttf */; };
		AD75DA8A2AA2368300CAC12C /* RNTemplateQA-Info.plist in Resources */ = {isa = PBXBuildFile; fileRef = AD75DA852AA235FC00CAC12C /* RNTemplateQA-Info.plist */; };
		AD75DA8B2AA2368600CAC12C /* RNTemplateDEV-Info.plist in Resources */ = {isa = PBXBuildFile; fileRef = AD75DA802AA2359700CAC12C /* RNTemplateDEV-Info.plist */; };
		AD75DA8C2AA2368A00CAC12C /* RNTemplateUAT-Info.plist in Resources */ = {isa = PBXBuildFile; fileRef = AD75DA7F2AA2359700CAC12C /* RNTemplateUAT-Info.plist */; };
		AD88A1222AA0CAEB00C328EC /* AppDelegate.mm in Sources */ = {isa = PBXBuildFile; fileRef = 13B07FB01A68108700A75B9A /* AppDelegate.mm */; };
		AD88A1232AA0CAEB00C328EC /* main.m in Sources */ = {isa = PBXBuildFile; fileRef = 13B07FB71A68108700A75B9A /* main.m */; };
		AD88A1272AA0CAEB00C328EC /* LaunchScreen.storyboard in Resources */ = {isa = PBXBuildFile; fileRef = 81AB9BB72411601600AC10FF /* LaunchScreen.storyboard */; };
		AD88A1282AA0CAEB00C328EC /* Images.xcassets in Resources */ = {isa = PBXBuildFile; fileRef = 13B07FB51A68108700A75B9A /* Images.xcassets */; };
		AD88A1352AA0CAEF00C328EC /* AppDelegate.mm in Sources */ = {isa = PBXBuildFile; fileRef = 13B07FB01A68108700A75B9A /* AppDelegate.mm */; };
		AD88A1362AA0CAEF00C328EC /* main.m in Sources */ = {isa = PBXBuildFile; fileRef = 13B07FB71A68108700A75B9A /* main.m */; };
		AD88A13A2AA0CAEF00C328EC /* LaunchScreen.storyboard in Resources */ = {isa = PBXBuildFile; fileRef = 81AB9BB72411601600AC10FF /* LaunchScreen.storyboard */; };
		AD88A13B2AA0CAEF00C328EC /* Images.xcassets in Resources */ = {isa = PBXBuildFile; fileRef = 13B07FB51A68108700A75B9A /* Images.xcassets */; };
		AD88A1482AA0CAF300C328EC /* AppDelegate.mm in Sources */ = {isa = PBXBuildFile; fileRef = 13B07FB01A68108700A75B9A /* AppDelegate.mm */; };
		AD88A1492AA0CAF300C328EC /* main.m in Sources */ = {isa = PBXBuildFile; fileRef = 13B07FB71A68108700A75B9A /* main.m */; };
		AD88A14D2AA0CAF300C328EC /* LaunchScreen.storyboard in Resources */ = {isa = PBXBuildFile; fileRef = 81AB9BB72411601600AC10FF /* LaunchScreen.storyboard */; };
		AD88A14E2AA0CAF300C328EC /* Images.xcassets in Resources */ = {isa = PBXBuildFile; fileRef = 13B07FB51A68108700A75B9A /* Images.xcassets */; };
		AE56366A804B70E1269D9663 /* libPods-RNTemplateDEV.a in Frameworks */ = {isa = PBXBuildFile; fileRef = 0059B7FFFA70F482E7F7449D /* libPods-RNTemplateDEV.a */; };
		C395D666E1424C68A02364D8 /* Roboto-BoldItalic.ttf in Resources */ = {isa = PBXBuildFile; fileRef = C8944E5C285D495E9058799E /* Roboto-BoldItalic.ttf */; };
		D3867B90194C40E6AE02E0D4 /* Roboto-Thin.ttf in Resources */ = {isa = PBXBuildFile; fileRef = 4DE5FD388F0546E488ABC10D /* Roboto-Thin.ttf */; };
		D39543FCEAD362CE1471D3DB /* libPods-RNTemplateUAT.a in Frameworks */ = {isa = PBXBuildFile; fileRef = 07838C9FC8060467AB819207 /* libPods-RNTemplateUAT.a */; };
		D99E312C43A647FEB61C8816 /* Roboto-Light.ttf in Resources */ = {isa = PBXBuildFile; fileRef = D3C1019F1B024D5796049773 /* Roboto-Light.ttf */; };
		DC7DB9CE87164F77AF6E826A /* Roboto-Bold.ttf in Resources */ = {isa = PBXBuildFile; fileRef = ACA3AE3695FA4A999893A152 /* Roboto-Bold.ttf */; };
		F0FA52984C05076F07DA85F6 /* libPods-RNTemplateQA.a in Frameworks */ = {isa = PBXBuildFile; fileRef = 56977F2AF425648B9D6877BB /* libPods-RNTemplateQA.a */; };
		F34F8767CEB645C4AA99C5DB /* Roboto-ThinItalic.ttf in Resources */ = {isa = PBXBuildFile; fileRef = 4401A25EAEE34CDC8E72FBA2 /* Roboto-ThinItalic.ttf */; };
		F3A21E47F2014804985FA884 /* Roboto-Black.ttf in Resources */ = {isa = PBXBuildFile; fileRef = 24E27EA15FB34E17922608AB /* Roboto-Black.ttf */; };
		FF10F13AE33D42539700594E /* Roboto-Italic.ttf in Resources */ = {isa = PBXBuildFile; fileRef = 1F845F6CB40C401F9EBD36ED /* Roboto-Italic.ttf */; };
/* End PBXBuildFile section */

/* Begin PBXContainerItemProxy section */
		00E356F41AD99517003FC87E /* PBXContainerItemProxy */ = {
			isa = PBXContainerItemProxy;
			containerPortal = 83CBB9F71A601CBA00E9B192 /* Project object */;
			proxyType = 1;
			remoteGlobalIDString = 13B07F861A680F5B00A75B9A;
			remoteInfo = RNTemplate;
		};
/* End PBXContainerItemProxy section */

/* Begin PBXFileReference section */
		0059B7FFFA70F482E7F7449D /* libPods-RNTemplateDEV.a */ = {isa = PBXFileReference; explicitFileType = archive.ar; includeInIndex = 0; path = "libPods-RNTemplateDEV.a"; sourceTree = BUILT_PRODUCTS_DIR; };
		00E356EE1AD99517003FC87E /* RNTemplateTests.xctest */ = {isa = PBXFileReference; explicitFileType = wrapper.cfbundle; includeInIndex = 0; path = RNTemplateTests.xctest; sourceTree = BUILT_PRODUCTS_DIR; };
		00E356F11AD99517003FC87E /* Info.plist */ = {isa = PBXFileReference; lastKnownFileType = text.plist.xml; path = Info.plist; sourceTree = "<group>"; };
		00E356F21AD99517003FC87E /* RNTemplateTests.m */ = {isa = PBXFileReference; lastKnownFileType = sourcecode.c.objc; path = RNTemplateTests.m; sourceTree = "<group>"; };
		07838C9FC8060467AB819207 /* libPods-RNTemplateUAT.a */ = {isa = PBXFileReference; explicitFileType = archive.ar; includeInIndex = 0; path = "libPods-RNTemplateUAT.a"; sourceTree = BUILT_PRODUCTS_DIR; };
		087F23BE6D9A838CC2DA3705 /* Pods-RNTemplateUAT.debug.xcconfig */ = {isa = PBXFileReference; includeInIndex = 1; lastKnownFileType = text.xcconfig; name = "Pods-RNTemplateUAT.debug.xcconfig"; path = "Target Support Files/Pods-RNTemplateUAT/Pods-RNTemplateUAT.debug.xcconfig"; sourceTree = "<group>"; };
		09B23698F9B24BA69743FBEF /* Roboto-Medium.ttf */ = {isa = PBXFileReference; explicitFileType = undefined; fileEncoding = 9; includeInIndex = 0; lastKnownFileType = unknown; name = "Roboto-Medium.ttf"; path = "../src/assets/fonts/Roboto-Medium.ttf"; sourceTree = "<group>"; };
		13B07F961A680F5B00A75B9A /* RNTemplate.app */ = {isa = PBXFileReference; explicitFileType = wrapper.application; includeInIndex = 0; path = RNTemplate.app; sourceTree = BUILT_PRODUCTS_DIR; };
		13B07FAF1A68108700A75B9A /* AppDelegate.h */ = {isa = PBXFileReference; fileEncoding = 4; lastKnownFileType = sourcecode.c.h; name = AppDelegate.h; path = RNTemplate/AppDelegate.h; sourceTree = "<group>"; };
		13B07FB01A68108700A75B9A /* AppDelegate.mm */ = {isa = PBXFileReference; fileEncoding = 4; lastKnownFileType = sourcecode.cpp.objcpp; name = AppDelegate.mm; path = RNTemplate/AppDelegate.mm; sourceTree = "<group>"; };
		13B07FB51A68108700A75B9A /* Images.xcassets */ = {isa = PBXFileReference; lastKnownFileType = folder.assetcatalog; name = Images.xcassets; path = RNTemplate/Images.xcassets; sourceTree = "<group>"; };
		13B07FB61A68108700A75B9A /* Info.plist */ = {isa = PBXFileReference; fileEncoding = 4; lastKnownFileType = text.plist.xml; name = Info.plist; path = RNTemplate/Info.plist; sourceTree = "<group>"; };
		13B07FB71A68108700A75B9A /* main.m */ = {isa = PBXFileReference; fileEncoding = 4; lastKnownFileType = sourcecode.c.objc; name = main.m; path = RNTemplate/main.m; sourceTree = "<group>"; };
		13CDECFC4F00AE038E8D2E6A /* Pods-RNTemplateQA.release.xcconfig */ = {isa = PBXFileReference; includeInIndex = 1; lastKnownFileType = text.xcconfig; name = "Pods-RNTemplateQA.release.xcconfig"; path = "Target Support Files/Pods-RNTemplateQA/Pods-RNTemplateQA.release.xcconfig"; sourceTree = "<group>"; };
		19F6CBCC0A4E27FBF8BF4A61 /* libPods-RNTemplate-RNTemplateTests.a */ = {isa = PBXFileReference; explicitFileType = archive.ar; includeInIndex = 0; path = "libPods-RNTemplate-RNTemplateTests.a"; sourceTree = BUILT_PRODUCTS_DIR; };
		1F845F6CB40C401F9EBD36ED /* Roboto-Italic.ttf */ = {isa = PBXFileReference; explicitFileType = undefined; fileEncoding = 9; includeInIndex = 0; lastKnownFileType = unknown; name = "Roboto-Italic.ttf"; path = "../src/assets/fonts/Roboto-Italic.ttf"; sourceTree = "<group>"; };
		24E27EA15FB34E17922608AB /* Roboto-Black.ttf */ = {isa = PBXFileReference; explicitFileType = undefined; fileEncoding = 9; includeInIndex = 0; lastKnownFileType = unknown; name = "Roboto-Black.ttf"; path = "../src/assets/fonts/Roboto-Black.ttf"; sourceTree = "<group>"; };
		3B4392A12AC88292D35C810B /* Pods-RNTemplate.debug.xcconfig */ = {isa = PBXFileReference; includeInIndex = 1; lastKnownFileType = text.xcconfig; name = "Pods-RNTemplate.debug.xcconfig"; path = "Target Support Files/Pods-RNTemplate/Pods-RNTemplate.debug.xcconfig"; sourceTree = "<group>"; };
		3B8AC3D7B0CA4FD098E1CBBC /* Roboto-LightItalic.ttf */ = {isa = PBXFileReference; explicitFileType = undefined; fileEncoding = 9; includeInIndex = 0; lastKnownFileType = unknown; name = "Roboto-LightItalic.ttf"; path = "../src/assets/fonts/Roboto-LightItalic.ttf"; sourceTree = "<group>"; };
		4401A25EAEE34CDC8E72FBA2 /* Roboto-ThinItalic.ttf */ = {isa = PBXFileReference; explicitFileType = undefined; fileEncoding = 9; includeInIndex = 0; lastKnownFileType = unknown; name = "Roboto-ThinItalic.ttf"; path = "../src/assets/fonts/Roboto-ThinItalic.ttf"; sourceTree = "<group>"; };
		4DE5FD388F0546E488ABC10D /* Roboto-Thin.ttf */ = {isa = PBXFileReference; explicitFileType = undefined; fileEncoding = 9; includeInIndex = 0; lastKnownFileType = unknown; name = "Roboto-Thin.ttf"; path = "../src/assets/fonts/Roboto-Thin.ttf"; sourceTree = "<group>"; };
		56977F2AF425648B9D6877BB /* libPods-RNTemplateQA.a */ = {isa = PBXFileReference; explicitFileType = archive.ar; includeInIndex = 0; path = "libPods-RNTemplateQA.a"; sourceTree = BUILT_PRODUCTS_DIR; };
		5709B34CF0A7D63546082F79 /* Pods-RNTemplate.release.xcconfig */ = {isa = PBXFileReference; includeInIndex = 1; lastKnownFileType = text.xcconfig; name = "Pods-RNTemplate.release.xcconfig"; path = "Target Support Files/Pods-RNTemplate/Pods-RNTemplate.release.xcconfig"; sourceTree = "<group>"; };
		5B7EB9410499542E8C5724F5 /* Pods-RNTemplate-RNTemplateTests.debug.xcconfig */ = {isa = PBXFileReference; includeInIndex = 1; lastKnownFileType = text.xcconfig; name = "Pods-RNTemplate-RNTemplateTests.debug.xcconfig"; path = "Target Support Files/Pods-RNTemplate-RNTemplateTests/Pods-RNTemplate-RNTemplateTests.debug.xcconfig"; sourceTree = "<group>"; };
		6D6A6BF578E6FCE995262A6D /* Pods-RNTemplateDEV.release.xcconfig */ = {isa = PBXFileReference; includeInIndex = 1; lastKnownFileType = text.xcconfig; name = "Pods-RNTemplateDEV.release.xcconfig"; path = "Target Support Files/Pods-RNTemplateDEV/Pods-RNTemplateDEV.release.xcconfig"; sourceTree = "<group>"; };
		81AB9BB72411601600AC10FF /* LaunchScreen.storyboard */ = {isa = PBXFileReference; fileEncoding = 4; lastKnownFileType = file.storyboard; name = LaunchScreen.storyboard; path = RNTemplate/LaunchScreen.storyboard; sourceTree = "<group>"; };
		86349FBADF551C99D238737C /* Pods-RNTemplateQA.debug.xcconfig */ = {isa = PBXFileReference; includeInIndex = 1; lastKnownFileType = text.xcconfig; name = "Pods-RNTemplateQA.debug.xcconfig"; path = "Target Support Files/Pods-RNTemplateQA/Pods-RNTemplateQA.debug.xcconfig"; sourceTree = "<group>"; };
		887BC82B95CE451CB82952B7 /* Roboto-Regular.ttf */ = {isa = PBXFileReference; explicitFileType = undefined; fileEncoding = 9; includeInIndex = 0; lastKnownFileType = unknown; name = "Roboto-Regular.ttf"; path = "../src/assets/fonts/Roboto-Regular.ttf"; sourceTree = "<group>"; };
		89C6BE57DB24E9ADA2F236DE /* Pods-RNTemplate-RNTemplateTests.release.xcconfig */ = {isa = PBXFileReference; includeInIndex = 1; lastKnownFileType = text.xcconfig; name = "Pods-RNTemplate-RNTemplateTests.release.xcconfig"; path = "Target Support Files/Pods-RNTemplate-RNTemplateTests/Pods-RNTemplate-RNTemplateTests.release.xcconfig"; sourceTree = "<group>"; };
		A17BD6F579534D32BAA4329B /* libPods-RNTemplate.a */ = {isa = PBXFileReference; explicitFileType = archive.ar; includeInIndex = 0; path = "libPods-RNTemplate.a"; sourceTree = BUILT_PRODUCTS_DIR; };
		ACA3AE3695FA4A999893A152 /* Roboto-Bold.ttf */ = {isa = PBXFileReference; explicitFileType = undefined; fileEncoding = 9; includeInIndex = 0; lastKnownFileType = unknown; name = "Roboto-Bold.ttf"; path = "../src/assets/fonts/Roboto-Bold.ttf"; sourceTree = "<group>"; };
		AD75D9F82AA2302C00CAC12C /* Fontisto.ttf */ = {isa = PBXFileReference; lastKnownFileType = file; path = Fontisto.ttf; sourceTree = "<group>"; };
		AD75D9F92AA2302C00CAC12C /* Octicons.ttf */ = {isa = PBXFileReference; lastKnownFileType = file; path = Octicons.ttf; sourceTree = "<group>"; };
		AD75D9FA2AA2302C00CAC12C /* Feather.ttf */ = {isa = PBXFileReference; lastKnownFileType = file; path = Feather.ttf; sourceTree = "<group>"; };
		AD75D9FB2AA2302C00CAC12C /* FontAwesome6_Regular.ttf */ = {isa = PBXFileReference; lastKnownFileType = file; path = FontAwesome6_Regular.ttf; sourceTree = "<group>"; };
		AD75D9FC2AA2302C00CAC12C /* Entypo.ttf */ = {isa = PBXFileReference; lastKnownFileType = file; path = Entypo.ttf; sourceTree = "<group>"; };
		AD75D9FD2AA2302C00CAC12C /* FontAwesome5_Brands.ttf */ = {isa = PBXFileReference; lastKnownFileType = file; path = FontAwesome5_Brands.ttf; sourceTree = "<group>"; };
		AD75D9FE2AA2302C00CAC12C /* MaterialCommunityIcons.ttf */ = {isa = PBXFileReference; lastKnownFileType = file; path = MaterialCommunityIcons.ttf; sourceTree = "<group>"; };
		AD75D9FF2AA2302C00CAC12C /* AntDesign.ttf */ = {isa = PBXFileReference; lastKnownFileType = file; path = AntDesign.ttf; sourceTree = "<group>"; };
		AD75DA002AA2302C00CAC12C /* Foundation.ttf */ = {isa = PBXFileReference; lastKnownFileType = file; path = Foundation.ttf; sourceTree = "<group>"; };
		AD75DA012AA2302C00CAC12C /* Ionicons.ttf */ = {isa = PBXFileReference; lastKnownFileType = file; path = Ionicons.ttf; sourceTree = "<group>"; };
		AD75DA022AA2302C00CAC12C /* FontAwesome5_Solid.ttf */ = {isa = PBXFileReference; lastKnownFileType = file; path = FontAwesome5_Solid.ttf; sourceTree = "<group>"; };
		AD75DA032AA2302C00CAC12C /* FontAwesome5_Regular.ttf */ = {isa = PBXFileReference; lastKnownFileType = file; path = FontAwesome5_Regular.ttf; sourceTree = "<group>"; };
		AD75DA042AA2302C00CAC12C /* FontAwesome.ttf */ = {isa = PBXFileReference; lastKnownFileType = file; path = FontAwesome.ttf; sourceTree = "<group>"; };
		AD75DA052AA2302C00CAC12C /* Zocial.ttf */ = {isa = PBXFileReference; lastKnownFileType = file; path = Zocial.ttf; sourceTree = "<group>"; };
		AD75DA062AA2302C00CAC12C /* EvilIcons.ttf */ = {isa = PBXFileReference; lastKnownFileType = file; path = EvilIcons.ttf; sourceTree = "<group>"; };
		AD75DA072AA2302C00CAC12C /* FontAwesome6_Solid.ttf */ = {isa = PBXFileReference; lastKnownFileType = file; path = FontAwesome6_Solid.ttf; sourceTree = "<group>"; };
		AD75DA082AA2302C00CAC12C /* SimpleLineIcons.ttf */ = {isa = PBXFileReference; lastKnownFileType = file; path = SimpleLineIcons.ttf; sourceTree = "<group>"; };
		AD75DA092AA2302C00CAC12C /* FontAwesome6_Brands.ttf */ = {isa = PBXFileReference; lastKnownFileType = file; path = FontAwesome6_Brands.ttf; sourceTree = "<group>"; };
		AD75DA0A2AA2302C00CAC12C /* MaterialIcons.ttf */ = {isa = PBXFileReference; lastKnownFileType = file; path = MaterialIcons.ttf; sourceTree = "<group>"; };
		AD75DA7F2AA2359700CAC12C /* RNTemplateUAT-Info.plist */ = {isa = PBXFileReference; fileEncoding = 4; lastKnownFileType = text.plist.xml; name = "RNTemplateUAT-Info.plist"; path = "RNTemplate/RNTemplateUAT-Info.plist"; sourceTree = "<group>"; };
		AD75DA802AA2359700CAC12C /* RNTemplateDEV-Info.plist */ = {isa = PBXFileReference; fileEncoding = 4; lastKnownFileType = text.plist.xml; name = "RNTemplateDEV-Info.plist"; path = "RNTemplate/RNTemplateDEV-Info.plist"; sourceTree = "<group>"; };
		AD75DA852AA235FC00CAC12C /* RNTemplateQA-Info.plist */ = {isa = PBXFileReference; fileEncoding = 4; lastKnownFileType = text.plist.xml; name = "RNTemplateQA-Info.plist"; path = "RNTemplate/RNTemplateQA-Info.plist"; sourceTree = "<group>"; };
		AD88A11D2AA0C63700C328EC /* Config.xcconfig */ = {isa = PBXFileReference; lastKnownFileType = text.xcconfig; path = Config.xcconfig; sourceTree = "<group>"; };
		AD88A12F2AA0CAEB00C328EC /* RNTemplateDEV.app */ = {isa = PBXFileReference; explicitFileType = wrapper.application; includeInIndex = 0; path = RNTemplateDEV.app; sourceTree = BUILT_PRODUCTS_DIR; };
		AD88A1422AA0CAEF00C328EC /* RNTemplateQA.app */ = {isa = PBXFileReference; explicitFileType = wrapper.application; includeInIndex = 0; path = RNTemplateQA.app; sourceTree = BUILT_PRODUCTS_DIR; };
		AD88A1552AA0CAF300C328EC /* RNTemplateUAT.app */ = {isa = PBXFileReference; explicitFileType = wrapper.application; includeInIndex = 0; path = RNTemplateUAT.app; sourceTree = BUILT_PRODUCTS_DIR; };
		BC36D3153F40F2DB3FF488D7 /* Pods-RNTemplateDEV.debug.xcconfig */ = {isa = PBXFileReference; includeInIndex = 1; lastKnownFileType = text.xcconfig; name = "Pods-RNTemplateDEV.debug.xcconfig"; path = "Target Support Files/Pods-RNTemplateDEV/Pods-RNTemplateDEV.debug.xcconfig"; sourceTree = "<group>"; };
		C8944E5C285D495E9058799E /* Roboto-BoldItalic.ttf */ = {isa = PBXFileReference; explicitFileType = undefined; fileEncoding = 9; includeInIndex = 0; lastKnownFileType = unknown; name = "Roboto-BoldItalic.ttf"; path = "../src/assets/fonts/Roboto-BoldItalic.ttf"; sourceTree = "<group>"; };
		D3C1019F1B024D5796049773 /* Roboto-Light.ttf */ = {isa = PBXFileReference; explicitFileType = undefined; fileEncoding = 9; includeInIndex = 0; lastKnownFileType = unknown; name = "Roboto-Light.ttf"; path = "../src/assets/fonts/Roboto-Light.ttf"; sourceTree = "<group>"; };
		DA88E53A80AE4859A62D97E4 /* Roboto-MediumItalic.ttf */ = {isa = PBXFileReference; explicitFileType = undefined; fileEncoding = 9; includeInIndex = 0; lastKnownFileType = unknown; name = "Roboto-MediumItalic.ttf"; path = "../src/assets/fonts/Roboto-MediumItalic.ttf"; sourceTree = "<group>"; };
		E56E0B27705C4AC5AEF2A8B1 /* Roboto-BlackItalic.ttf */ = {isa = PBXFileReference; explicitFileType = undefined; fileEncoding = 9; includeInIndex = 0; lastKnownFileType = unknown; name = "Roboto-BlackItalic.ttf"; path = "../src/assets/fonts/Roboto-BlackItalic.ttf"; sourceTree = "<group>"; };
		ED297162215061F000B7C4FE /* JavaScriptCore.framework */ = {isa = PBXFileReference; lastKnownFileType = wrapper.framework; name = JavaScriptCore.framework; path = System/Library/Frameworks/JavaScriptCore.framework; sourceTree = SDKROOT; };
		F02945A0252F01CA9E0E1E4B /* Pods-RNTemplateUAT.release.xcconfig */ = {isa = PBXFileReference; includeInIndex = 1; lastKnownFileType = text.xcconfig; name = "Pods-RNTemplateUAT.release.xcconfig"; path = "Target Support Files/Pods-RNTemplateUAT/Pods-RNTemplateUAT.release.xcconfig"; sourceTree = "<group>"; };
/* End PBXFileReference section */

/* Begin PBXFrameworksBuildPhase section */
		00E356EB1AD99517003FC87E /* Frameworks */ = {
			isa = PBXFrameworksBuildPhase;
			buildActionMask = 2147483647;
			files = (
				7699B88040F8A987B510C191 /* libPods-RNTemplate-RNTemplateTests.a in Frameworks */,
			);
			runOnlyForDeploymentPostprocessing = 0;
		};
		13B07F8C1A680F5B00A75B9A /* Frameworks */ = {
			isa = PBXFrameworksBuildPhase;
			buildActionMask = 2147483647;
			files = (
				0C80B921A6F3F58F76C31292 /* (null) in Frameworks */,
				4EEC4BF3E393372764F9E23D /* libPods-RNTemplate.a in Frameworks */,
			);
			runOnlyForDeploymentPostprocessing = 0;
		};
		AD88A1242AA0CAEB00C328EC /* Frameworks */ = {
			isa = PBXFrameworksBuildPhase;
			buildActionMask = 2147483647;
			files = (
				AE56366A804B70E1269D9663 /* libPods-RNTemplateDEV.a in Frameworks */,
			);
			runOnlyForDeploymentPostprocessing = 0;
		};
		AD88A1372AA0CAEF00C328EC /* Frameworks */ = {
			isa = PBXFrameworksBuildPhase;
			buildActionMask = 2147483647;
			files = (
				F0FA52984C05076F07DA85F6 /* libPods-RNTemplateQA.a in Frameworks */,
			);
			runOnlyForDeploymentPostprocessing = 0;
		};
		AD88A14A2AA0CAF300C328EC /* Frameworks */ = {
			isa = PBXFrameworksBuildPhase;
			buildActionMask = 2147483647;
			files = (
				D39543FCEAD362CE1471D3DB /* libPods-RNTemplateUAT.a in Frameworks */,
			);
			runOnlyForDeploymentPostprocessing = 0;
		};
/* End PBXFrameworksBuildPhase section */

/* Begin PBXGroup section */
		00E356EF1AD99517003FC87E /* RNTemplateTests */ = {
			isa = PBXGroup;
			children = (
				00E356F21AD99517003FC87E /* RNTemplateTests.m */,
				00E356F01AD99517003FC87E /* Supporting Files */,
			);
			path = RNTemplateTests;
			sourceTree = "<group>";
		};
		00E356F01AD99517003FC87E /* Supporting Files */ = {
			isa = PBXGroup;
			children = (
				00E356F11AD99517003FC87E /* Info.plist */,
			);
			name = "Supporting Files";
			sourceTree = "<group>";
		};
		13B07FAE1A68108700A75B9A /* RNTemplate */ = {
			isa = PBXGroup;
			children = (
				AD75DA852AA235FC00CAC12C /* RNTemplateQA-Info.plist */,
				AD75DA802AA2359700CAC12C /* RNTemplateDEV-Info.plist */,
				AD75DA7F2AA2359700CAC12C /* RNTemplateUAT-Info.plist */,
				13B07FAF1A68108700A75B9A /* AppDelegate.h */,
				13B07FB01A68108700A75B9A /* AppDelegate.mm */,
				13B07FB51A68108700A75B9A /* Images.xcassets */,
				13B07FB61A68108700A75B9A /* Info.plist */,
				81AB9BB72411601600AC10FF /* LaunchScreen.storyboard */,
				13B07FB71A68108700A75B9A /* main.m */,
				AD88A11D2AA0C63700C328EC /* Config.xcconfig */,
			);
			name = RNTemplate;
			sourceTree = "<group>";
		};
		2D16E6871FA4F8E400B85C8A /* Frameworks */ = {
			isa = PBXGroup;
			children = (
				ED297162215061F000B7C4FE /* JavaScriptCore.framework */,
				19F6CBCC0A4E27FBF8BF4A61 /* libPods-RNTemplate-RNTemplateTests.a */,
				0059B7FFFA70F482E7F7449D /* libPods-RNTemplateDEV.a */,
				56977F2AF425648B9D6877BB /* libPods-RNTemplateQA.a */,
				07838C9FC8060467AB819207 /* libPods-RNTemplateUAT.a */,
				A17BD6F579534D32BAA4329B /* libPods-RNTemplate.a */,
			);
			name = Frameworks;
			sourceTree = "<group>";
		};
		6F99B6C5E72E46C68128F555 /* Resources */ = {
			isa = PBXGroup;
			children = (
				24E27EA15FB34E17922608AB /* Roboto-Black.ttf */,
				E56E0B27705C4AC5AEF2A8B1 /* Roboto-BlackItalic.ttf */,
				ACA3AE3695FA4A999893A152 /* Roboto-Bold.ttf */,
				C8944E5C285D495E9058799E /* Roboto-BoldItalic.ttf */,
				1F845F6CB40C401F9EBD36ED /* Roboto-Italic.ttf */,
				D3C1019F1B024D5796049773 /* Roboto-Light.ttf */,
				3B8AC3D7B0CA4FD098E1CBBC /* Roboto-LightItalic.ttf */,
				09B23698F9B24BA69743FBEF /* Roboto-Medium.ttf */,
				DA88E53A80AE4859A62D97E4 /* Roboto-MediumItalic.ttf */,
				887BC82B95CE451CB82952B7 /* Roboto-Regular.ttf */,
				4DE5FD388F0546E488ABC10D /* Roboto-Thin.ttf */,
				4401A25EAEE34CDC8E72FBA2 /* Roboto-ThinItalic.ttf */,
			);
			name = Resources;
			sourceTree = "<group>";
		};
		832341AE1AAA6A7D00B99B32 /* Libraries */ = {
			isa = PBXGroup;
			children = (
			);
			name = Libraries;
			sourceTree = "<group>";
		};
		83CBB9F61A601CBA00E9B192 = {
			isa = PBXGroup;
			children = (
				AD75D9F72AA2302C00CAC12C /* Fonts */,
				13B07FAE1A68108700A75B9A /* RNTemplate */,
				832341AE1AAA6A7D00B99B32 /* Libraries */,
				00E356EF1AD99517003FC87E /* RNTemplateTests */,
				83CBBA001A601CBA00E9B192 /* Products */,
				2D16E6871FA4F8E400B85C8A /* Frameworks */,
				BBD78D7AC51CEA395F1C20DB /* Pods */,
				6F99B6C5E72E46C68128F555 /* Resources */,
			);
			indentWidth = 2;
			sourceTree = "<group>";
			tabWidth = 2;
			usesTabs = 0;
		};
		83CBBA001A601CBA00E9B192 /* Products */ = {
			isa = PBXGroup;
			children = (
				13B07F961A680F5B00A75B9A /* RNTemplate.app */,
				00E356EE1AD99517003FC87E /* RNTemplateTests.xctest */,
				AD88A12F2AA0CAEB00C328EC /* RNTemplateDEV.app */,
				AD88A1422AA0CAEF00C328EC /* RNTemplateQA.app */,
				AD88A1552AA0CAF300C328EC /* RNTemplateUAT.app */,
			);
			name = Products;
			sourceTree = "<group>";
		};
		AD75D9F72AA2302C00CAC12C /* Fonts */ = {
			isa = PBXGroup;
			children = (
				AD75D9F82AA2302C00CAC12C /* Fontisto.ttf */,
				AD75D9F92AA2302C00CAC12C /* Octicons.ttf */,
				AD75D9FA2AA2302C00CAC12C /* Feather.ttf */,
				AD75D9FB2AA2302C00CAC12C /* FontAwesome6_Regular.ttf */,
				AD75D9FC2AA2302C00CAC12C /* Entypo.ttf */,
				AD75D9FD2AA2302C00CAC12C /* FontAwesome5_Brands.ttf */,
				AD75D9FE2AA2302C00CAC12C /* MaterialCommunityIcons.ttf */,
				AD75D9FF2AA2302C00CAC12C /* AntDesign.ttf */,
				AD75DA002AA2302C00CAC12C /* Foundation.ttf */,
				AD75DA012AA2302C00CAC12C /* Ionicons.ttf */,
				AD75DA022AA2302C00CAC12C /* FontAwesome5_Solid.ttf */,
				AD75DA032AA2302C00CAC12C /* FontAwesome5_Regular.ttf */,
				AD75DA042AA2302C00CAC12C /* FontAwesome.ttf */,
				AD75DA052AA2302C00CAC12C /* Zocial.ttf */,
				AD75DA062AA2302C00CAC12C /* EvilIcons.ttf */,
				AD75DA072AA2302C00CAC12C /* FontAwesome6_Solid.ttf */,
				AD75DA082AA2302C00CAC12C /* SimpleLineIcons.ttf */,
				AD75DA092AA2302C00CAC12C /* FontAwesome6_Brands.ttf */,
				AD75DA0A2AA2302C00CAC12C /* MaterialIcons.ttf */,
			);
			name = Fonts;
			path = "../node_modules/react-native-vector-icons/Fonts";
			sourceTree = "<group>";
		};
		BBD78D7AC51CEA395F1C20DB /* Pods */ = {
			isa = PBXGroup;
			children = (
				3B4392A12AC88292D35C810B /* Pods-RNTemplate.debug.xcconfig */,
				5709B34CF0A7D63546082F79 /* Pods-RNTemplate.release.xcconfig */,
				5B7EB9410499542E8C5724F5 /* Pods-RNTemplate-RNTemplateTests.debug.xcconfig */,
				89C6BE57DB24E9ADA2F236DE /* Pods-RNTemplate-RNTemplateTests.release.xcconfig */,
				BC36D3153F40F2DB3FF488D7 /* Pods-RNTemplateDEV.debug.xcconfig */,
				6D6A6BF578E6FCE995262A6D /* Pods-RNTemplateDEV.release.xcconfig */,
				86349FBADF551C99D238737C /* Pods-RNTemplateQA.debug.xcconfig */,
				13CDECFC4F00AE038E8D2E6A /* Pods-RNTemplateQA.release.xcconfig */,
				087F23BE6D9A838CC2DA3705 /* Pods-RNTemplateUAT.debug.xcconfig */,
				F02945A0252F01CA9E0E1E4B /* Pods-RNTemplateUAT.release.xcconfig */,
			);
			path = Pods;
			sourceTree = "<group>";
		};
/* End PBXGroup section */

/* Begin PBXNativeTarget section */
		00E356ED1AD99517003FC87E /* RNTemplateTests */ = {
			isa = PBXNativeTarget;
			buildConfigurationList = 00E357021AD99517003FC87E /* Build configuration list for PBXNativeTarget "RNTemplateTests" */;
			buildPhases = (
				A55EABD7B0C7F3A422A6CC61 /* [CP] Check Pods Manifest.lock */,
				00E356EA1AD99517003FC87E /* Sources */,
				00E356EB1AD99517003FC87E /* Frameworks */,
				00E356EC1AD99517003FC87E /* Resources */,
				C59DA0FBD6956966B86A3779 /* [CP] Embed Pods Frameworks */,
				F6A41C54EA430FDDC6A6ED99 /* [CP] Copy Pods Resources */,
			);
			buildRules = (
			);
			dependencies = (
				00E356F51AD99517003FC87E /* PBXTargetDependency */,
			);
			name = RNTemplateTests;
			productName = RNTemplateTests;
			productReference = 00E356EE1AD99517003FC87E /* RNTemplateTests.xctest */;
			productType = "com.apple.product-type.bundle.unit-test";
		};
		13B07F861A680F5B00A75B9A /* RNTemplate */ = {
			isa = PBXNativeTarget;
			buildConfigurationList = 13B07F931A680F5B00A75B9A /* Build configuration list for PBXNativeTarget "RNTemplate" */;
			buildPhases = (
				C38B50BA6285516D6DCD4F65 /* [CP] Check Pods Manifest.lock */,
				FD10A7F022414F080027D42C /* Start Packager */,
				13B07F871A680F5B00A75B9A /* Sources */,
				13B07F8C1A680F5B00A75B9A /* Frameworks */,
				13B07F8E1A680F5B00A75B9A /* Resources */,
				00DD1BFF1BD5951E006B06BC /* Bundle React Native code and images */,
				00EEFC60759A1932668264C0 /* [CP] Embed Pods Frameworks */,
				E235C05ADACE081382539298 /* [CP] Copy Pods Resources */,
			);
			buildRules = (
			);
			dependencies = (
			);
			name = RNTemplate;
			productName = RNTemplate;
			productReference = 13B07F961A680F5B00A75B9A /* RNTemplate.app */;
			productType = "com.apple.product-type.application";
		};
		AD88A11E2AA0CAEB00C328EC /* RNTemplateDEV */ = {
			isa = PBXNativeTarget;
			buildConfigurationList = AD88A12C2AA0CAEB00C328EC /* Build configuration list for PBXNativeTarget "RNTemplateDEV" */;
			buildPhases = (
				AD88A11F2AA0CAEB00C328EC /* [CP] Check Pods Manifest.lock */,
				AD88A1202AA0CAEB00C328EC /* Start Packager */,
				AD88A1212AA0CAEB00C328EC /* Sources */,
				AD88A1242AA0CAEB00C328EC /* Frameworks */,
				AD88A1262AA0CAEB00C328EC /* Resources */,
				AD88A1292AA0CAEB00C328EC /* Bundle React Native code and images */,
				AD88A12A2AA0CAEB00C328EC /* [CP] Embed Pods Frameworks */,
				AD88A12B2AA0CAEB00C328EC /* [CP] Copy Pods Resources */,
			);
			buildRules = (
			);
			dependencies = (
			);
			name = RNTemplateDEV;
			productName = RNTemplate;
			productReference = AD88A12F2AA0CAEB00C328EC /* RNTemplateDEV.app */;
			productType = "com.apple.product-type.application";
		};
		AD88A1312AA0CAEF00C328EC /* RNTemplateQA */ = {
			isa = PBXNativeTarget;
			buildConfigurationList = AD88A13F2AA0CAEF00C328EC /* Build configuration list for PBXNativeTarget "RNTemplateQA" */;
			buildPhases = (
				AD88A1322AA0CAEF00C328EC /* [CP] Check Pods Manifest.lock */,
				AD88A1332AA0CAEF00C328EC /* Start Packager */,
				AD88A1342AA0CAEF00C328EC /* Sources */,
				AD88A1372AA0CAEF00C328EC /* Frameworks */,
				AD88A1392AA0CAEF00C328EC /* Resources */,
				AD88A13C2AA0CAEF00C328EC /* Bundle React Native code and images */,
				AD88A13D2AA0CAEF00C328EC /* [CP] Embed Pods Frameworks */,
				AD88A13E2AA0CAEF00C328EC /* [CP] Copy Pods Resources */,
			);
			buildRules = (
			);
			dependencies = (
			);
			name = RNTemplateQA;
			productName = RNTemplate;
			productReference = AD88A1422AA0CAEF00C328EC /* RNTemplateQA.app */;
			productType = "com.apple.product-type.application";
		};
		AD88A1442AA0CAF300C328EC /* RNTemplateUAT */ = {
			isa = PBXNativeTarget;
			buildConfigurationList = AD88A1522AA0CAF300C328EC /* Build configuration list for PBXNativeTarget "RNTemplateUAT" */;
			buildPhases = (
				AD88A1452AA0CAF300C328EC /* [CP] Check Pods Manifest.lock */,
				AD88A1462AA0CAF300C328EC /* Start Packager */,
				AD88A1472AA0CAF300C328EC /* Sources */,
				AD88A14A2AA0CAF300C328EC /* Frameworks */,
				AD88A14C2AA0CAF300C328EC /* Resources */,
				AD88A14F2AA0CAF300C328EC /* Bundle React Native code and images */,
				AD88A1502AA0CAF300C328EC /* [CP] Embed Pods Frameworks */,
				AD88A1512AA0CAF300C328EC /* [CP] Copy Pods Resources */,
			);
			buildRules = (
			);
			dependencies = (
			);
			name = RNTemplateUAT;
			productName = RNTemplate;
			productReference = AD88A1552AA0CAF300C328EC /* RNTemplateUAT.app */;
			productType = "com.apple.product-type.application";
		};
/* End PBXNativeTarget section */

/* Begin PBXProject section */
		83CBB9F71A601CBA00E9B192 /* Project object */ = {
			isa = PBXProject;
			attributes = {
				LastUpgradeCheck = 1210;
				TargetAttributes = {
					00E356ED1AD99517003FC87E = {
						CreatedOnToolsVersion = 6.2;
						TestTargetID = 13B07F861A680F5B00A75B9A;
					};
					13B07F861A680F5B00A75B9A = {
						LastSwiftMigration = 1120;
					};
				};
			};
			buildConfigurationList = 83CBB9FA1A601CBA00E9B192 /* Build configuration list for PBXProject "RNTemplate" */;
			compatibilityVersion = "Xcode 12.0";
			developmentRegion = en;
			hasScannedForEncodings = 0;
			knownRegions = (
				en,
				Base,
			);
			mainGroup = 83CBB9F61A601CBA00E9B192;
			productRefGroup = 83CBBA001A601CBA00E9B192 /* Products */;
			projectDirPath = "";
			projectRoot = "";
			targets = (
				13B07F861A680F5B00A75B9A /* RNTemplate */,
				AD88A11E2AA0CAEB00C328EC /* RNTemplateDEV */,
				AD88A1312AA0CAEF00C328EC /* RNTemplateQA */,
				AD88A1442AA0CAF300C328EC /* RNTemplateUAT */,
				00E356ED1AD99517003FC87E /* RNTemplateTests */,
			);
		};
/* End PBXProject section */

/* Begin PBXResourcesBuildPhase section */
		00E356EC1AD99517003FC87E /* Resources */ = {
			isa = PBXResourcesBuildPhase;
			buildActionMask = 2147483647;
			files = (
			);
			runOnlyForDeploymentPostprocessing = 0;
		};
		13B07F8E1A680F5B00A75B9A /* Resources */ = {
			isa = PBXResourcesBuildPhase;
			buildActionMask = 2147483647;
			files = (
				AD75DA272AA2302C00CAC12C /* AntDesign.ttf in Resources */,
				AD75DA2B2AA2302C00CAC12C /* Foundation.ttf in Resources */,
				AD75DA3F2AA2302C00CAC12C /* Zocial.ttf in Resources */,
				AD75DA0B2AA2302C00CAC12C /* Fontisto.ttf in Resources */,
				81AB9BB82411601600AC10FF /* LaunchScreen.storyboard in Resources */,
				AD75DA3B2AA2302C00CAC12C /* FontAwesome.ttf in Resources */,
				AD75DA2F2AA2302C00CAC12C /* Ionicons.ttf in Resources */,
				AD75DA532AA2302D00CAC12C /* MaterialIcons.ttf in Resources */,
				AD75DA1B2AA2302C00CAC12C /* Entypo.ttf in Resources */,
				AD75DA0F2AA2302C00CAC12C /* Octicons.ttf in Resources */,
				AD75DA1F2AA2302C00CAC12C /* FontAwesome5_Brands.ttf in Resources */,
				AD75DA332AA2302C00CAC12C /* FontAwesome5_Solid.ttf in Resources */,
				AD75DA472AA2302D00CAC12C /* FontAwesome6_Solid.ttf in Resources */,
				AD75DA432AA2302C00CAC12C /* EvilIcons.ttf in Resources */,
				AD75DA4B2AA2302D00CAC12C /* SimpleLineIcons.ttf in Resources */,
				AD75DA4F2AA2302D00CAC12C /* FontAwesome6_Brands.ttf in Resources */,
				AD75DA172AA2302C00CAC12C /* FontAwesome6_Regular.ttf in Resources */,
				AD75DA132AA2302C00CAC12C /* Feather.ttf in Resources */,
				AD75DA232AA2302C00CAC12C /* MaterialCommunityIcons.ttf in Resources */,
				AD75DA372AA2302C00CAC12C /* FontAwesome5_Regular.ttf in Resources */,
				13B07FBF1A68108700A75B9A /* Images.xcassets in Resources */,
				F3A21E47F2014804985FA884 /* Roboto-Black.ttf in Resources */,
				3545FE741E574CC8B7183F5F /* Roboto-BlackItalic.ttf in Resources */,
				DC7DB9CE87164F77AF6E826A /* Roboto-Bold.ttf in Resources */,
				C395D666E1424C68A02364D8 /* Roboto-BoldItalic.ttf in Resources */,
				FF10F13AE33D42539700594E /* Roboto-Italic.ttf in Resources */,
				D99E312C43A647FEB61C8816 /* Roboto-Light.ttf in Resources */,
				A23A46DF00E14EA08361FD05 /* Roboto-LightItalic.ttf in Resources */,
				31FAD2CF175E447D92E371F7 /* Roboto-Medium.ttf in Resources */,
				9F42BD63C2544BD0B5C332FD /* Roboto-MediumItalic.ttf in Resources */,
				7C85DEF55F914D23863C9B0A /* Roboto-Regular.ttf in Resources */,
				D3867B90194C40E6AE02E0D4 /* Roboto-Thin.ttf in Resources */,
				F34F8767CEB645C4AA99C5DB /* Roboto-ThinItalic.ttf in Resources */,
			);
			runOnlyForDeploymentPostprocessing = 0;
		};
		AD88A1262AA0CAEB00C328EC /* Resources */ = {
			isa = PBXResourcesBuildPhase;
			buildActionMask = 2147483647;
			files = (
				AD75DA582AA232A200CAC12C /* Roboto-Black.ttf in Resources */,
				AD75DA592AA232A200CAC12C /* Roboto-BlackItalic.ttf in Resources */,
				AD75DA5A2AA232A200CAC12C /* Roboto-Bold.ttf in Resources */,
				AD75DA5B2AA232A200CAC12C /* Roboto-BoldItalic.ttf in Resources */,
				AD75DA5C2AA232A200CAC12C /* Roboto-Italic.ttf in Resources */,
				AD75DA5D2AA232A200CAC12C /* Roboto-Light.ttf in Resources */,
				AD75DA5E2AA232A200CAC12C /* Roboto-LightItalic.ttf in Resources */,
				AD75DA5F2AA232A200CAC12C /* Roboto-Medium.ttf in Resources */,
				AD75DA602AA232A200CAC12C /* Roboto-MediumItalic.ttf in Resources */,
				AD75DA612AA232A200CAC12C /* Roboto-Regular.ttf in Resources */,
				AD75DA622AA232A200CAC12C /* Roboto-Thin.ttf in Resources */,
				AD75DA632AA232A200CAC12C /* Roboto-ThinItalic.ttf in Resources */,
				AD75DA382AA2302C00CAC12C /* FontAwesome5_Regular.ttf in Resources */,
				AD75DA0C2AA2302C00CAC12C /* Fontisto.ttf in Resources */,
				AD75DA202AA2302C00CAC12C /* FontAwesome5_Brands.ttf in Resources */,
				AD75DA302AA2302C00CAC12C /* Ionicons.ttf in Resources */,
				AD75DA342AA2302C00CAC12C /* FontAwesome5_Solid.ttf in Resources */,
				AD75DA1C2AA2302C00CAC12C /* Entypo.ttf in Resources */,
				AD88A1272AA0CAEB00C328EC /* LaunchScreen.storyboard in Resources */,
				AD75DA282AA2302C00CAC12C /* AntDesign.ttf in Resources */,
				AD75DA402AA2302C00CAC12C /* Zocial.ttf in Resources */,
				AD75DA2C2AA2302C00CAC12C /* Foundation.ttf in Resources */,
				AD75DA502AA2302D00CAC12C /* FontAwesome6_Brands.ttf in Resources */,
				AD75DA142AA2302C00CAC12C /* Feather.ttf in Resources */,
				AD75DA4C2AA2302D00CAC12C /* SimpleLineIcons.ttf in Resources */,
				AD75DA442AA2302C00CAC12C /* EvilIcons.ttf in Resources */,
				AD75DA102AA2302C00CAC12C /* Octicons.ttf in Resources */,
				AD75DA3C2AA2302C00CAC12C /* FontAwesome.ttf in Resources */,
				AD75DA8B2AA2368600CAC12C /* RNTemplateDEV-Info.plist in Resources */,
				AD88A1282AA0CAEB00C328EC /* Images.xcassets in Resources */,
				AD75DA242AA2302C00CAC12C /* MaterialCommunityIcons.ttf in Resources */,
				AD75DA482AA2302D00CAC12C /* FontAwesome6_Solid.ttf in Resources */,
				AD75DA182AA2302C00CAC12C /* FontAwesome6_Regular.ttf in Resources */,
				AD75DA542AA2302D00CAC12C /* MaterialIcons.ttf in Resources */,
			);
			runOnlyForDeploymentPostprocessing = 0;
		};
		AD88A1392AA0CAEF00C328EC /* Resources */ = {
			isa = PBXResourcesBuildPhase;
			buildActionMask = 2147483647;
			files = (
				AD75DA642AA232B500CAC12C /* Roboto-Black.ttf in Resources */,
				AD75DA652AA232B500CAC12C /* Roboto-BlackItalic.ttf in Resources */,
				AD75DA662AA232B500CAC12C /* Roboto-Bold.ttf in Resources */,
				AD75DA672AA232B500CAC12C /* Roboto-BoldItalic.ttf in Resources */,
				AD75DA682AA232B500CAC12C /* Roboto-Italic.ttf in Resources */,
				AD75DA692AA232B500CAC12C /* Roboto-Light.ttf in Resources */,
				AD75DA6A2AA232B500CAC12C /* Roboto-LightItalic.ttf in Resources */,
				AD75DA6B2AA232B500CAC12C /* Roboto-Medium.ttf in Resources */,
				AD75DA6C2AA232B500CAC12C /* Roboto-MediumItalic.ttf in Resources */,
				AD75DA6D2AA232B500CAC12C /* Roboto-Regular.ttf in Resources */,
				AD75DA8A2AA2368300CAC12C /* RNTemplateQA-Info.plist in Resources */,
				AD75DA6E2AA232B500CAC12C /* Roboto-Thin.ttf in Resources */,
				AD75DA6F2AA232B500CAC12C /* Roboto-ThinItalic.ttf in Resources */,
				AD75DA392AA2302C00CAC12C /* FontAwesome5_Regular.ttf in Resources */,
				AD75DA0D2AA2302C00CAC12C /* Fontisto.ttf in Resources */,
				AD75DA212AA2302C00CAC12C /* FontAwesome5_Brands.ttf in Resources */,
				AD75DA312AA2302C00CAC12C /* Ionicons.ttf in Resources */,
				AD75DA352AA2302C00CAC12C /* FontAwesome5_Solid.ttf in Resources */,
				AD75DA1D2AA2302C00CAC12C /* Entypo.ttf in Resources */,
				AD88A13A2AA0CAEF00C328EC /* LaunchScreen.storyboard in Resources */,
				AD75DA292AA2302C00CAC12C /* AntDesign.ttf in Resources */,
				AD75DA412AA2302C00CAC12C /* Zocial.ttf in Resources */,
				AD75DA2D2AA2302C00CAC12C /* Foundation.ttf in Resources */,
				AD75DA512AA2302D00CAC12C /* FontAwesome6_Brands.ttf in Resources */,
				AD75DA152AA2302C00CAC12C /* Feather.ttf in Resources */,
				AD75DA4D2AA2302D00CAC12C /* SimpleLineIcons.ttf in Resources */,
				AD75DA452AA2302C00CAC12C /* EvilIcons.ttf in Resources */,
				AD75DA112AA2302C00CAC12C /* Octicons.ttf in Resources */,
				AD75DA3D2AA2302C00CAC12C /* FontAwesome.ttf in Resources */,
				AD88A13B2AA0CAEF00C328EC /* Images.xcassets in Resources */,
				AD75DA252AA2302C00CAC12C /* MaterialCommunityIcons.ttf in Resources */,
				AD75DA492AA2302D00CAC12C /* FontAwesome6_Solid.ttf in Resources */,
				AD75DA192AA2302C00CAC12C /* FontAwesome6_Regular.ttf in Resources */,
				AD75DA552AA2302D00CAC12C /* MaterialIcons.ttf in Resources */,
			);
			runOnlyForDeploymentPostprocessing = 0;
		};
		AD88A14C2AA0CAF300C328EC /* Resources */ = {
			isa = PBXResourcesBuildPhase;
			buildActionMask = 2147483647;
			files = (
				AD75DA702AA232C600CAC12C /* Roboto-Black.ttf in Resources */,
				AD75DA712AA232C600CAC12C /* Roboto-BlackItalic.ttf in Resources */,
				AD75DA722AA232C600CAC12C /* Roboto-Bold.ttf in Resources */,
				AD75DA732AA232C600CAC12C /* Roboto-BoldItalic.ttf in Resources */,
				AD75DA742AA232C600CAC12C /* Roboto-Italic.ttf in Resources */,
				AD75DA752AA232C600CAC12C /* Roboto-Light.ttf in Resources */,
				AD75DA762AA232C600CAC12C /* Roboto-LightItalic.ttf in Resources */,
				AD75DA772AA232C600CAC12C /* Roboto-Medium.ttf in Resources */,
				AD75DA782AA232C600CAC12C /* Roboto-MediumItalic.ttf in Resources */,
				AD75DA8C2AA2368A00CAC12C /* RNTemplateUAT-Info.plist in Resources */,
				AD75DA792AA232C600CAC12C /* Roboto-Regular.ttf in Resources */,
				AD75DA7A2AA232C600CAC12C /* Roboto-Thin.ttf in Resources */,
				AD75DA7B2AA232C600CAC12C /* Roboto-ThinItalic.ttf in Resources */,
				AD75DA3A2AA2302C00CAC12C /* FontAwesome5_Regular.ttf in Resources */,
				AD75DA0E2AA2302C00CAC12C /* Fontisto.ttf in Resources */,
				AD75DA222AA2302C00CAC12C /* FontAwesome5_Brands.ttf in Resources */,
				AD75DA322AA2302C00CAC12C /* Ionicons.ttf in Resources */,
				AD75DA362AA2302C00CAC12C /* FontAwesome5_Solid.ttf in Resources */,
				AD75DA1E2AA2302C00CAC12C /* Entypo.ttf in Resources */,
				AD88A14D2AA0CAF300C328EC /* LaunchScreen.storyboard in Resources */,
				AD75DA2A2AA2302C00CAC12C /* AntDesign.ttf in Resources */,
				AD75DA422AA2302C00CAC12C /* Zocial.ttf in Resources */,
				AD75DA2E2AA2302C00CAC12C /* Foundation.ttf in Resources */,
				AD75DA522AA2302D00CAC12C /* FontAwesome6_Brands.ttf in Resources */,
				AD75DA162AA2302C00CAC12C /* Feather.ttf in Resources */,
				AD75DA4E2AA2302D00CAC12C /* SimpleLineIcons.ttf in Resources */,
				AD75DA462AA2302C00CAC12C /* EvilIcons.ttf in Resources */,
				AD75DA122AA2302C00CAC12C /* Octicons.ttf in Resources */,
				AD75DA3E2AA2302C00CAC12C /* FontAwesome.ttf in Resources */,
				AD88A14E2AA0CAF300C328EC /* Images.xcassets in Resources */,
				AD75DA262AA2302C00CAC12C /* MaterialCommunityIcons.ttf in Resources */,
				AD75DA4A2AA2302D00CAC12C /* FontAwesome6_Solid.ttf in Resources */,
				AD75DA1A2AA2302C00CAC12C /* FontAwesome6_Regular.ttf in Resources */,
				AD75DA562AA2302D00CAC12C /* MaterialIcons.ttf in Resources */,
			);
			runOnlyForDeploymentPostprocessing = 0;
		};
/* End PBXResourcesBuildPhase section */

/* Begin PBXShellScriptBuildPhase section */
		00DD1BFF1BD5951E006B06BC /* Bundle React Native code and images */ = {
			isa = PBXShellScriptBuildPhase;
			buildActionMask = 2147483647;
			files = (
			);
			inputPaths = (
				"$(SRCROOT)/.xcode.env.local",
				"$(SRCROOT)/.xcode.env",
			);
			name = "Bundle React Native code and images";
			outputPaths = (
			);
			runOnlyForDeploymentPostprocessing = 0;
			shellPath = /bin/sh;
			shellScript = "set -e\n\nWITH_ENVIRONMENT=\"../node_modules/react-native/scripts/xcode/with-environment.sh\"\nREACT_NATIVE_XCODE=\"../node_modules/react-native/scripts/react-native-xcode.sh\"\n\n/bin/sh -c \"$WITH_ENVIRONMENT $REACT_NATIVE_XCODE\"\n";
		};
		00EEFC60759A1932668264C0 /* [CP] Embed Pods Frameworks */ = {
			isa = PBXShellScriptBuildPhase;
			buildActionMask = 2147483647;
			files = (
			);
			inputFileListPaths = (
				"${PODS_ROOT}/Target Support Files/Pods-RNTemplate/Pods-RNTemplate-frameworks-${CONFIGURATION}-input-files.xcfilelist",
			);
			name = "[CP] Embed Pods Frameworks";
			outputFileListPaths = (
				"${PODS_ROOT}/Target Support Files/Pods-RNTemplate/Pods-RNTemplate-frameworks-${CONFIGURATION}-output-files.xcfilelist",
			);
			runOnlyForDeploymentPostprocessing = 0;
			shellPath = /bin/sh;
			shellScript = "\"${PODS_ROOT}/Target Support Files/Pods-RNTemplate/Pods-RNTemplate-frameworks.sh\"\n";
			showEnvVarsInLog = 0;
		};
		A55EABD7B0C7F3A422A6CC61 /* [CP] Check Pods Manifest.lock */ = {
			isa = PBXShellScriptBuildPhase;
			buildActionMask = 2147483647;
			files = (
			);
			inputFileListPaths = (
			);
			inputPaths = (
				"${PODS_PODFILE_DIR_PATH}/Podfile.lock",
				"${PODS_ROOT}/Manifest.lock",
			);
			name = "[CP] Check Pods Manifest.lock";
			outputFileListPaths = (
			);
			outputPaths = (
				"$(DERIVED_FILE_DIR)/Pods-RNTemplate-RNTemplateTests-checkManifestLockResult.txt",
			);
			runOnlyForDeploymentPostprocessing = 0;
			shellPath = /bin/sh;
			shellScript = "diff \"${PODS_PODFILE_DIR_PATH}/Podfile.lock\" \"${PODS_ROOT}/Manifest.lock\" > /dev/null\nif [ $? != 0 ] ; then\n    # print error to STDERR\n    echo \"error: The sandbox is not in sync with the Podfile.lock. Run 'pod install' or update your CocoaPods installation.\" >&2\n    exit 1\nfi\n# This output is used by Xcode 'outputs' to avoid re-running this script phase.\necho \"SUCCESS\" > \"${SCRIPT_OUTPUT_FILE_0}\"\n";
			showEnvVarsInLog = 0;
		};
		AD88A11F2AA0CAEB00C328EC /* [CP] Check Pods Manifest.lock */ = {
			isa = PBXShellScriptBuildPhase;
			buildActionMask = 2147483647;
			files = (
			);
			inputFileListPaths = (
			);
			inputPaths = (
				"${PODS_PODFILE_DIR_PATH}/Podfile.lock",
				"${PODS_ROOT}/Manifest.lock",
			);
			name = "[CP] Check Pods Manifest.lock";
			outputFileListPaths = (
			);
			outputPaths = (
				"$(DERIVED_FILE_DIR)/Pods-RNTemplateDEV-checkManifestLockResult.txt",
			);
			runOnlyForDeploymentPostprocessing = 0;
			shellPath = /bin/sh;
			shellScript = "diff \"${PODS_PODFILE_DIR_PATH}/Podfile.lock\" \"${PODS_ROOT}/Manifest.lock\" > /dev/null\nif [ $? != 0 ] ; then\n    # print error to STDERR\n    echo \"error: The sandbox is not in sync with the Podfile.lock. Run 'pod install' or update your CocoaPods installation.\" >&2\n    exit 1\nfi\n# This output is used by Xcode 'outputs' to avoid re-running this script phase.\necho \"SUCCESS\" > \"${SCRIPT_OUTPUT_FILE_0}\"\n";
			showEnvVarsInLog = 0;
		};
		AD88A1202AA0CAEB00C328EC /* Start Packager */ = {
			isa = PBXShellScriptBuildPhase;
			buildActionMask = 2147483647;
			files = (
			);
			inputFileListPaths = (
			);
			inputPaths = (
			);
			name = "Start Packager";
			outputFileListPaths = (
			);
			outputPaths = (
			);
			runOnlyForDeploymentPostprocessing = 0;
			shellPath = /bin/sh;
			shellScript = "export RCT_METRO_PORT=\"${RCT_METRO_PORT:=8081}\"\necho \"export RCT_METRO_PORT=${RCT_METRO_PORT}\" > \"${SRCROOT}/../node_modules/react-native/scripts/.packager.env\"\nif [ -z \"${RCT_NO_LAUNCH_PACKAGER+xxx}\" ] ; then\n  if nc -w 5 -z localhost ${RCT_METRO_PORT} ; then\n    if ! curl -s \"http://localhost:${RCT_METRO_PORT}/status\" | grep -q \"packager-status:running\" ; then\n      echo \"Port ${RCT_METRO_PORT} already in use, packager is either not running or not running correctly\"\n      exit 2\n    fi\n  else\n    open \"$SRCROOT/../node_modules/react-native/scripts/launchPackager.command\" || echo \"Can't start packager automatically\"\n  fi\nfi\n";
			showEnvVarsInLog = 0;
		};
		AD88A1292AA0CAEB00C328EC /* Bundle React Native code and images */ = {
			isa = PBXShellScriptBuildPhase;
			buildActionMask = 2147483647;
			files = (
			);
			inputPaths = (
				"$(SRCROOT)/.xcode.env.local",
				"$(SRCROOT)/.xcode.env",
			);
			name = "Bundle React Native code and images";
			outputPaths = (
			);
			runOnlyForDeploymentPostprocessing = 0;
			shellPath = /bin/sh;
			shellScript = "set -e\n\nWITH_ENVIRONMENT=\"../node_modules/react-native/scripts/xcode/with-environment.sh\"\nREACT_NATIVE_XCODE=\"../node_modules/react-native/scripts/react-native-xcode.sh\"\n\n/bin/sh -c \"$WITH_ENVIRONMENT $REACT_NATIVE_XCODE\"\n";
		};
		AD88A12A2AA0CAEB00C328EC /* [CP] Embed Pods Frameworks */ = {
			isa = PBXShellScriptBuildPhase;
			buildActionMask = 2147483647;
			files = (
			);
			inputFileListPaths = (
				"${PODS_ROOT}/Target Support Files/Pods-RNTemplateDEV/Pods-RNTemplateDEV-frameworks-${CONFIGURATION}-input-files.xcfilelist",
			);
			name = "[CP] Embed Pods Frameworks";
			outputFileListPaths = (
				"${PODS_ROOT}/Target Support Files/Pods-RNTemplateDEV/Pods-RNTemplateDEV-frameworks-${CONFIGURATION}-output-files.xcfilelist",
			);
			runOnlyForDeploymentPostprocessing = 0;
			shellPath = /bin/sh;
			shellScript = "\"${PODS_ROOT}/Target Support Files/Pods-RNTemplateDEV/Pods-RNTemplateDEV-frameworks.sh\"\n";
			showEnvVarsInLog = 0;
		};
		AD88A12B2AA0CAEB00C328EC /* [CP] Copy Pods Resources */ = {
			isa = PBXShellScriptBuildPhase;
			buildActionMask = 2147483647;
			files = (
			);
			inputFileListPaths = (
				"${PODS_ROOT}/Target Support Files/Pods-RNTemplateDEV/Pods-RNTemplateDEV-resources-${CONFIGURATION}-input-files.xcfilelist",
			);
			name = "[CP] Copy Pods Resources";
			outputFileListPaths = (
				"${PODS_ROOT}/Target Support Files/Pods-RNTemplateDEV/Pods-RNTemplateDEV-resources-${CONFIGURATION}-output-files.xcfilelist",
			);
			runOnlyForDeploymentPostprocessing = 0;
			shellPath = /bin/sh;
			shellScript = "\"${PODS_ROOT}/Target Support Files/Pods-RNTemplateDEV/Pods-RNTemplateDEV-resources.sh\"\n";
			showEnvVarsInLog = 0;
		};
		AD88A1322AA0CAEF00C328EC /* [CP] Check Pods Manifest.lock */ = {
			isa = PBXShellScriptBuildPhase;
			buildActionMask = 2147483647;
			files = (
			);
			inputFileListPaths = (
			);
			inputPaths = (
				"${PODS_PODFILE_DIR_PATH}/Podfile.lock",
				"${PODS_ROOT}/Manifest.lock",
			);
			name = "[CP] Check Pods Manifest.lock";
			outputFileListPaths = (
			);
			outputPaths = (
				"$(DERIVED_FILE_DIR)/Pods-RNTemplateQA-checkManifestLockResult.txt",
			);
			runOnlyForDeploymentPostprocessing = 0;
			shellPath = /bin/sh;
			shellScript = "diff \"${PODS_PODFILE_DIR_PATH}/Podfile.lock\" \"${PODS_ROOT}/Manifest.lock\" > /dev/null\nif [ $? != 0 ] ; then\n    # print error to STDERR\n    echo \"error: The sandbox is not in sync with the Podfile.lock. Run 'pod install' or update your CocoaPods installation.\" >&2\n    exit 1\nfi\n# This output is used by Xcode 'outputs' to avoid re-running this script phase.\necho \"SUCCESS\" > \"${SCRIPT_OUTPUT_FILE_0}\"\n";
			showEnvVarsInLog = 0;
		};
		AD88A1332AA0CAEF00C328EC /* Start Packager */ = {
			isa = PBXShellScriptBuildPhase;
			buildActionMask = 2147483647;
			files = (
			);
			inputFileListPaths = (
			);
			inputPaths = (
			);
			name = "Start Packager";
			outputFileListPaths = (
			);
			outputPaths = (
			);
			runOnlyForDeploymentPostprocessing = 0;
			shellPath = /bin/sh;
			shellScript = "export RCT_METRO_PORT=\"${RCT_METRO_PORT:=8081}\"\necho \"export RCT_METRO_PORT=${RCT_METRO_PORT}\" > \"${SRCROOT}/../node_modules/react-native/scripts/.packager.env\"\nif [ -z \"${RCT_NO_LAUNCH_PACKAGER+xxx}\" ] ; then\n  if nc -w 5 -z localhost ${RCT_METRO_PORT} ; then\n    if ! curl -s \"http://localhost:${RCT_METRO_PORT}/status\" | grep -q \"packager-status:running\" ; then\n      echo \"Port ${RCT_METRO_PORT} already in use, packager is either not running or not running correctly\"\n      exit 2\n    fi\n  else\n    open \"$SRCROOT/../node_modules/react-native/scripts/launchPackager.command\" || echo \"Can't start packager automatically\"\n  fi\nfi\n";
			showEnvVarsInLog = 0;
		};
		AD88A13C2AA0CAEF00C328EC /* Bundle React Native code and images */ = {
			isa = PBXShellScriptBuildPhase;
			buildActionMask = 2147483647;
			files = (
			);
			inputPaths = (
				"$(SRCROOT)/.xcode.env.local",
				"$(SRCROOT)/.xcode.env",
			);
			name = "Bundle React Native code and images";
			outputPaths = (
			);
			runOnlyForDeploymentPostprocessing = 0;
			shellPath = /bin/sh;
			shellScript = "set -e\n\nWITH_ENVIRONMENT=\"../node_modules/react-native/scripts/xcode/with-environment.sh\"\nREACT_NATIVE_XCODE=\"../node_modules/react-native/scripts/react-native-xcode.sh\"\n\n/bin/sh -c \"$WITH_ENVIRONMENT $REACT_NATIVE_XCODE\"\n";
		};
		AD88A13D2AA0CAEF00C328EC /* [CP] Embed Pods Frameworks */ = {
			isa = PBXShellScriptBuildPhase;
			buildActionMask = 2147483647;
			files = (
			);
			inputFileListPaths = (
				"${PODS_ROOT}/Target Support Files/Pods-RNTemplateQA/Pods-RNTemplateQA-frameworks-${CONFIGURATION}-input-files.xcfilelist",
			);
			name = "[CP] Embed Pods Frameworks";
			outputFileListPaths = (
				"${PODS_ROOT}/Target Support Files/Pods-RNTemplateQA/Pods-RNTemplateQA-frameworks-${CONFIGURATION}-output-files.xcfilelist",
			);
			runOnlyForDeploymentPostprocessing = 0;
			shellPath = /bin/sh;
			shellScript = "\"${PODS_ROOT}/Target Support Files/Pods-RNTemplateQA/Pods-RNTemplateQA-frameworks.sh\"\n";
			showEnvVarsInLog = 0;
		};
		AD88A13E2AA0CAEF00C328EC /* [CP] Copy Pods Resources */ = {
			isa = PBXShellScriptBuildPhase;
			buildActionMask = 2147483647;
			files = (
			);
			inputFileListPaths = (
				"${PODS_ROOT}/Target Support Files/Pods-RNTemplateQA/Pods-RNTemplateQA-resources-${CONFIGURATION}-input-files.xcfilelist",
			);
			name = "[CP] Copy Pods Resources";
			outputFileListPaths = (
				"${PODS_ROOT}/Target Support Files/Pods-RNTemplateQA/Pods-RNTemplateQA-resources-${CONFIGURATION}-output-files.xcfilelist",
			);
			runOnlyForDeploymentPostprocessing = 0;
			shellPath = /bin/sh;
			shellScript = "\"${PODS_ROOT}/Target Support Files/Pods-RNTemplateQA/Pods-RNTemplateQA-resources.sh\"\n";
			showEnvVarsInLog = 0;
		};
		AD88A1452AA0CAF300C328EC /* [CP] Check Pods Manifest.lock */ = {
			isa = PBXShellScriptBuildPhase;
			buildActionMask = 2147483647;
			files = (
			);
			inputFileListPaths = (
			);
			inputPaths = (
				"${PODS_PODFILE_DIR_PATH}/Podfile.lock",
				"${PODS_ROOT}/Manifest.lock",
			);
			name = "[CP] Check Pods Manifest.lock";
			outputFileListPaths = (
			);
			outputPaths = (
				"$(DERIVED_FILE_DIR)/Pods-RNTemplateUAT-checkManifestLockResult.txt",
			);
			runOnlyForDeploymentPostprocessing = 0;
			shellPath = /bin/sh;
			shellScript = "diff \"${PODS_PODFILE_DIR_PATH}/Podfile.lock\" \"${PODS_ROOT}/Manifest.lock\" > /dev/null\nif [ $? != 0 ] ; then\n    # print error to STDERR\n    echo \"error: The sandbox is not in sync with the Podfile.lock. Run 'pod install' or update your CocoaPods installation.\" >&2\n    exit 1\nfi\n# This output is used by Xcode 'outputs' to avoid re-running this script phase.\necho \"SUCCESS\" > \"${SCRIPT_OUTPUT_FILE_0}\"\n";
			showEnvVarsInLog = 0;
		};
		AD88A1462AA0CAF300C328EC /* Start Packager */ = {
			isa = PBXShellScriptBuildPhase;
			buildActionMask = 2147483647;
			files = (
			);
			inputFileListPaths = (
			);
			inputPaths = (
			);
			name = "Start Packager";
			outputFileListPaths = (
			);
			outputPaths = (
			);
			runOnlyForDeploymentPostprocessing = 0;
			shellPath = /bin/sh;
			shellScript = "export RCT_METRO_PORT=\"${RCT_METRO_PORT:=8081}\"\necho \"export RCT_METRO_PORT=${RCT_METRO_PORT}\" > \"${SRCROOT}/../node_modules/react-native/scripts/.packager.env\"\nif [ -z \"${RCT_NO_LAUNCH_PACKAGER+xxx}\" ] ; then\n  if nc -w 5 -z localhost ${RCT_METRO_PORT} ; then\n    if ! curl -s \"http://localhost:${RCT_METRO_PORT}/status\" | grep -q \"packager-status:running\" ; then\n      echo \"Port ${RCT_METRO_PORT} already in use, packager is either not running or not running correctly\"\n      exit 2\n    fi\n  else\n    open \"$SRCROOT/../node_modules/react-native/scripts/launchPackager.command\" || echo \"Can't start packager automatically\"\n  fi\nfi\n";
			showEnvVarsInLog = 0;
		};
		AD88A14F2AA0CAF300C328EC /* Bundle React Native code and images */ = {
			isa = PBXShellScriptBuildPhase;
			buildActionMask = 2147483647;
			files = (
			);
			inputPaths = (
				"$(SRCROOT)/.xcode.env.local",
				"$(SRCROOT)/.xcode.env",
			);
			name = "Bundle React Native code and images";
			outputPaths = (
			);
			runOnlyForDeploymentPostprocessing = 0;
			shellPath = /bin/sh;
			shellScript = "set -e\n\nWITH_ENVIRONMENT=\"../node_modules/react-native/scripts/xcode/with-environment.sh\"\nREACT_NATIVE_XCODE=\"../node_modules/react-native/scripts/react-native-xcode.sh\"\n\n/bin/sh -c \"$WITH_ENVIRONMENT $REACT_NATIVE_XCODE\"\n";
		};
		AD88A1502AA0CAF300C328EC /* [CP] Embed Pods Frameworks */ = {
			isa = PBXShellScriptBuildPhase;
			buildActionMask = 2147483647;
			files = (
			);
			inputFileListPaths = (
				"${PODS_ROOT}/Target Support Files/Pods-RNTemplateUAT/Pods-RNTemplateUAT-frameworks-${CONFIGURATION}-input-files.xcfilelist",
			);
			name = "[CP] Embed Pods Frameworks";
			outputFileListPaths = (
				"${PODS_ROOT}/Target Support Files/Pods-RNTemplateUAT/Pods-RNTemplateUAT-frameworks-${CONFIGURATION}-output-files.xcfilelist",
			);
			runOnlyForDeploymentPostprocessing = 0;
			shellPath = /bin/sh;
			shellScript = "\"${PODS_ROOT}/Target Support Files/Pods-RNTemplateUAT/Pods-RNTemplateUAT-frameworks.sh\"\n";
			showEnvVarsInLog = 0;
		};
		AD88A1512AA0CAF300C328EC /* [CP] Copy Pods Resources */ = {
			isa = PBXShellScriptBuildPhase;
			buildActionMask = 2147483647;
			files = (
			);
			inputFileListPaths = (
				"${PODS_ROOT}/Target Support Files/Pods-RNTemplateUAT/Pods-RNTemplateUAT-resources-${CONFIGURATION}-input-files.xcfilelist",
			);
			name = "[CP] Copy Pods Resources";
			outputFileListPaths = (
				"${PODS_ROOT}/Target Support Files/Pods-RNTemplateUAT/Pods-RNTemplateUAT-resources-${CONFIGURATION}-output-files.xcfilelist",
			);
			runOnlyForDeploymentPostprocessing = 0;
			shellPath = /bin/sh;
			shellScript = "\"${PODS_ROOT}/Target Support Files/Pods-RNTemplateUAT/Pods-RNTemplateUAT-resources.sh\"\n";
			showEnvVarsInLog = 0;
		};
		C38B50BA6285516D6DCD4F65 /* [CP] Check Pods Manifest.lock */ = {
			isa = PBXShellScriptBuildPhase;
			buildActionMask = 2147483647;
			files = (
			);
			inputFileListPaths = (
			);
			inputPaths = (
				"${PODS_PODFILE_DIR_PATH}/Podfile.lock",
				"${PODS_ROOT}/Manifest.lock",
			);
			name = "[CP] Check Pods Manifest.lock";
			outputFileListPaths = (
			);
			outputPaths = (
				"$(DERIVED_FILE_DIR)/Pods-RNTemplate-checkManifestLockResult.txt",
			);
			runOnlyForDeploymentPostprocessing = 0;
			shellPath = /bin/sh;
			shellScript = "diff \"${PODS_PODFILE_DIR_PATH}/Podfile.lock\" \"${PODS_ROOT}/Manifest.lock\" > /dev/null\nif [ $? != 0 ] ; then\n    # print error to STDERR\n    echo \"error: The sandbox is not in sync with the Podfile.lock. Run 'pod install' or update your CocoaPods installation.\" >&2\n    exit 1\nfi\n# This output is used by Xcode 'outputs' to avoid re-running this script phase.\necho \"SUCCESS\" > \"${SCRIPT_OUTPUT_FILE_0}\"\n";
			showEnvVarsInLog = 0;
		};
		C59DA0FBD6956966B86A3779 /* [CP] Embed Pods Frameworks */ = {
			isa = PBXShellScriptBuildPhase;
			buildActionMask = 2147483647;
			files = (
			);
			inputFileListPaths = (
				"${PODS_ROOT}/Target Support Files/Pods-RNTemplate-RNTemplateTests/Pods-RNTemplate-RNTemplateTests-frameworks-${CONFIGURATION}-input-files.xcfilelist",
			);
			name = "[CP] Embed Pods Frameworks";
			outputFileListPaths = (
				"${PODS_ROOT}/Target Support Files/Pods-RNTemplate-RNTemplateTests/Pods-RNTemplate-RNTemplateTests-frameworks-${CONFIGURATION}-output-files.xcfilelist",
			);
			runOnlyForDeploymentPostprocessing = 0;
			shellPath = /bin/sh;
			shellScript = "\"${PODS_ROOT}/Target Support Files/Pods-RNTemplate-RNTemplateTests/Pods-RNTemplate-RNTemplateTests-frameworks.sh\"\n";
			showEnvVarsInLog = 0;
		};
		E235C05ADACE081382539298 /* [CP] Copy Pods Resources */ = {
			isa = PBXShellScriptBuildPhase;
			buildActionMask = 2147483647;
			files = (
			);
			inputFileListPaths = (
				"${PODS_ROOT}/Target Support Files/Pods-RNTemplate/Pods-RNTemplate-resources-${CONFIGURATION}-input-files.xcfilelist",
			);
			name = "[CP] Copy Pods Resources";
			outputFileListPaths = (
				"${PODS_ROOT}/Target Support Files/Pods-RNTemplate/Pods-RNTemplate-resources-${CONFIGURATION}-output-files.xcfilelist",
			);
			runOnlyForDeploymentPostprocessing = 0;
			shellPath = /bin/sh;
			shellScript = "\"${PODS_ROOT}/Target Support Files/Pods-RNTemplate/Pods-RNTemplate-resources.sh\"\n";
			showEnvVarsInLog = 0;
		};
		F6A41C54EA430FDDC6A6ED99 /* [CP] Copy Pods Resources */ = {
			isa = PBXShellScriptBuildPhase;
			buildActionMask = 2147483647;
			files = (
			);
			inputFileListPaths = (
				"${PODS_ROOT}/Target Support Files/Pods-RNTemplate-RNTemplateTests/Pods-RNTemplate-RNTemplateTests-resources-${CONFIGURATION}-input-files.xcfilelist",
			);
			name = "[CP] Copy Pods Resources";
			outputFileListPaths = (
				"${PODS_ROOT}/Target Support Files/Pods-RNTemplate-RNTemplateTests/Pods-RNTemplate-RNTemplateTests-resources-${CONFIGURATION}-output-files.xcfilelist",
			);
			runOnlyForDeploymentPostprocessing = 0;
			shellPath = /bin/sh;
			shellScript = "\"${PODS_ROOT}/Target Support Files/Pods-RNTemplate-RNTemplateTests/Pods-RNTemplate-RNTemplateTests-resources.sh\"\n";
			showEnvVarsInLog = 0;
		};
		FD10A7F022414F080027D42C /* Start Packager */ = {
			isa = PBXShellScriptBuildPhase;
			buildActionMask = 2147483647;
			files = (
			);
			inputFileListPaths = (
			);
			inputPaths = (
			);
			name = "Start Packager";
			outputFileListPaths = (
			);
			outputPaths = (
			);
			runOnlyForDeploymentPostprocessing = 0;
			shellPath = /bin/sh;
			shellScript = "export RCT_METRO_PORT=\"${RCT_METRO_PORT:=8081}\"\necho \"export RCT_METRO_PORT=${RCT_METRO_PORT}\" > \"${SRCROOT}/../node_modules/react-native/scripts/.packager.env\"\nif [ -z \"${RCT_NO_LAUNCH_PACKAGER+xxx}\" ] ; then\n  if nc -w 5 -z localhost ${RCT_METRO_PORT} ; then\n    if ! curl -s \"http://localhost:${RCT_METRO_PORT}/status\" | grep -q \"packager-status:running\" ; then\n      echo \"Port ${RCT_METRO_PORT} already in use, packager is either not running or not running correctly\"\n      exit 2\n    fi\n  else\n    open \"$SRCROOT/../node_modules/react-native/scripts/launchPackager.command\" || echo \"Can't start packager automatically\"\n  fi\nfi\n";
			showEnvVarsInLog = 0;
		};
/* End PBXShellScriptBuildPhase section */

/* Begin PBXSourcesBuildPhase section */
		00E356EA1AD99517003FC87E /* Sources */ = {
			isa = PBXSourcesBuildPhase;
			buildActionMask = 2147483647;
			files = (
				00E356F31AD99517003FC87E /* RNTemplateTests.m in Sources */,
			);
			runOnlyForDeploymentPostprocessing = 0;
		};
		13B07F871A680F5B00A75B9A /* Sources */ = {
			isa = PBXSourcesBuildPhase;
			buildActionMask = 2147483647;
			files = (
				13B07FBC1A68108700A75B9A /* AppDelegate.mm in Sources */,
				13B07FC11A68108700A75B9A /* main.m in Sources */,
			);
			runOnlyForDeploymentPostprocessing = 0;
		};
		AD88A1212AA0CAEB00C328EC /* Sources */ = {
			isa = PBXSourcesBuildPhase;
			buildActionMask = 2147483647;
			files = (
				AD88A1222AA0CAEB00C328EC /* AppDelegate.mm in Sources */,
				AD88A1232AA0CAEB00C328EC /* main.m in Sources */,
			);
			runOnlyForDeploymentPostprocessing = 0;
		};
		AD88A1342AA0CAEF00C328EC /* Sources */ = {
			isa = PBXSourcesBuildPhase;
			buildActionMask = 2147483647;
			files = (
				AD88A1352AA0CAEF00C328EC /* AppDelegate.mm in Sources */,
				AD88A1362AA0CAEF00C328EC /* main.m in Sources */,
			);
			runOnlyForDeploymentPostprocessing = 0;
		};
		AD88A1472AA0CAF300C328EC /* Sources */ = {
			isa = PBXSourcesBuildPhase;
			buildActionMask = 2147483647;
			files = (
				AD88A1482AA0CAF300C328EC /* AppDelegate.mm in Sources */,
				AD88A1492AA0CAF300C328EC /* main.m in Sources */,
			);
			runOnlyForDeploymentPostprocessing = 0;
		};
/* End PBXSourcesBuildPhase section */

/* Begin PBXTargetDependency section */
		00E356F51AD99517003FC87E /* PBXTargetDependency */ = {
			isa = PBXTargetDependency;
			target = 13B07F861A680F5B00A75B9A /* RNTemplate */;
			targetProxy = 00E356F41AD99517003FC87E /* PBXContainerItemProxy */;
		};
/* End PBXTargetDependency section */

/* Begin XCBuildConfiguration section */
		00E356F61AD99517003FC87E /* Debug */ = {
			isa = XCBuildConfiguration;
			baseConfigurationReference = 5B7EB9410499542E8C5724F5 /* Pods-RNTemplate-RNTemplateTests.debug.xcconfig */;
			buildSettings = {
				BUNDLE_LOADER = "$(TEST_HOST)";
				GCC_PREPROCESSOR_DEFINITIONS = (
					"DEBUG=1",
					"$(inherited)",
				);
				INFOPLIST_FILE = RNTemplateTests/Info.plist;
				IPHONEOS_DEPLOYMENT_TARGET = 12.4;
				LD_RUNPATH_SEARCH_PATHS = (
					"$(inherited)",
					"@executable_path/Frameworks",
					"@loader_path/Frameworks",
				);
				OTHER_LDFLAGS = (
					"-ObjC",
					"-lc++",
					"$(inherited)",
				);
				PRODUCT_BUNDLE_IDENTIFIER = "org.reactjs.native.example.$(PRODUCT_NAME:rfc1034identifier)";
				PRODUCT_NAME = "$(TARGET_NAME)";
				TEST_HOST = "$(BUILT_PRODUCTS_DIR)/RNTemplate.app/RNTemplate";
			};
			name = Debug;
		};
		00E356F71AD99517003FC87E /* Release */ = {
			isa = XCBuildConfiguration;
			baseConfigurationReference = 89C6BE57DB24E9ADA2F236DE /* Pods-RNTemplate-RNTemplateTests.release.xcconfig */;
			buildSettings = {
				BUNDLE_LOADER = "$(TEST_HOST)";
				COPY_PHASE_STRIP = NO;
				INFOPLIST_FILE = RNTemplateTests/Info.plist;
				IPHONEOS_DEPLOYMENT_TARGET = 12.4;
				LD_RUNPATH_SEARCH_PATHS = (
					"$(inherited)",
					"@executable_path/Frameworks",
					"@loader_path/Frameworks",
				);
				OTHER_LDFLAGS = (
					"-ObjC",
					"-lc++",
					"$(inherited)",
				);
				PRODUCT_BUNDLE_IDENTIFIER = "org.reactjs.native.example.$(PRODUCT_NAME:rfc1034identifier)";
				PRODUCT_NAME = "$(TARGET_NAME)";
				TEST_HOST = "$(BUILT_PRODUCTS_DIR)/RNTemplate.app/RNTemplate";
			};
			name = Release;
		};
		13B07F941A680F5B00A75B9A /* Debug */ = {
			isa = XCBuildConfiguration;
			baseConfigurationReference = 3B4392A12AC88292D35C810B /* Pods-RNTemplate.debug.xcconfig */;
			buildSettings = {
				ASSETCATALOG_COMPILER_APPICON_NAME = AppIcon;
				CLANG_ENABLE_MODULES = YES;
				CODE_SIGN_STYLE = Manual;
				CURRENT_PROJECT_VERSION = 1;
				DEVELOPMENT_TEAM = "";
				ENABLE_BITCODE = NO;
				INFOPLIST_FILE = RNTemplate/Info.plist;
				LD_RUNPATH_SEARCH_PATHS = (
					"$(inherited)",
					"@executable_path/Frameworks",
				);
				MARKETING_VERSION = 1.0;
				OTHER_LDFLAGS = (
					"$(inherited)",
					"-ObjC",
					"-lc++",
				);
				PRODUCT_NAME = RNTemplate;
				PROVISIONING_PROFILE_SPECIFIER = "";
				SWIFT_OPTIMIZATION_LEVEL = "-Onone";
				SWIFT_VERSION = 5.0;
				VERSIONING_SYSTEM = "apple-generic";
			};
			name = Debug;
		};
		13B07F951A680F5B00A75B9A /* Release */ = {
			isa = XCBuildConfiguration;
			baseConfigurationReference = 5709B34CF0A7D63546082F79 /* Pods-RNTemplate.release.xcconfig */;
			buildSettings = {
				ASSETCATALOG_COMPILER_APPICON_NAME = AppIcon;
				CLANG_ENABLE_MODULES = YES;
				CODE_SIGN_STYLE = Manual;
				CURRENT_PROJECT_VERSION = 1;
				DEVELOPMENT_TEAM = "";
				INFOPLIST_FILE = RNTemplate/Info.plist;
				LD_RUNPATH_SEARCH_PATHS = (
					"$(inherited)",
					"@executable_path/Frameworks",
				);
				MARKETING_VERSION = 1.0;
				OTHER_LDFLAGS = (
					"$(inherited)",
					"-ObjC",
					"-lc++",
				);
				PRODUCT_NAME = RNTemplate;
				PROVISIONING_PROFILE_SPECIFIER = "";
				SWIFT_VERSION = 5.0;
				VERSIONING_SYSTEM = "apple-generic";
			};
			name = Release;
		};
		83CBBA201A601CBA00E9B192 /* Debug */ = {
			isa = XCBuildConfiguration;
			baseConfigurationReference = AD88A11D2AA0C63700C328EC /* Config.xcconfig */;
			buildSettings = {
				ALWAYS_SEARCH_USER_PATHS = NO;
				CLANG_ANALYZER_LOCALIZABILITY_NONLOCALIZED = YES;
				CLANG_CXX_LANGUAGE_STANDARD = "c++17";
				CLANG_CXX_LIBRARY = "libc++";
				CLANG_ENABLE_MODULES = YES;
				CLANG_ENABLE_OBJC_ARC = YES;
				CLANG_WARN_BLOCK_CAPTURE_AUTORELEASING = YES;
				CLANG_WARN_BOOL_CONVERSION = YES;
				CLANG_WARN_COMMA = YES;
				CLANG_WARN_CONSTANT_CONVERSION = YES;
				CLANG_WARN_DEPRECATED_OBJC_IMPLEMENTATIONS = YES;
				CLANG_WARN_DIRECT_OBJC_ISA_USAGE = YES_ERROR;
				CLANG_WARN_EMPTY_BODY = YES;
				CLANG_WARN_ENUM_CONVERSION = YES;
				CLANG_WARN_INFINITE_RECURSION = YES;
				CLANG_WARN_INT_CONVERSION = YES;
				CLANG_WARN_NON_LITERAL_NULL_CONVERSION = YES;
				CLANG_WARN_OBJC_IMPLICIT_RETAIN_SELF = YES;
				CLANG_WARN_OBJC_LITERAL_CONVERSION = YES;
				CLANG_WARN_OBJC_ROOT_CLASS = YES_ERROR;
				CLANG_WARN_QUOTED_INCLUDE_IN_FRAMEWORK_HEADER = YES;
				CLANG_WARN_RANGE_LOOP_ANALYSIS = YES;
				CLANG_WARN_STRICT_PROTOTYPES = YES;
				CLANG_WARN_SUSPICIOUS_MOVE = YES;
				CLANG_WARN_UNREACHABLE_CODE = YES;
				CLANG_WARN__DUPLICATE_METHOD_MATCH = YES;
				"CODE_SIGN_IDENTITY[sdk=iphoneos*]" = "iPhone Developer";
				COPY_PHASE_STRIP = NO;
				ENABLE_STRICT_OBJC_MSGSEND = YES;
				ENABLE_TESTABILITY = YES;
				"EXCLUDED_ARCHS[sdk=iphonesimulator*]" = i386;
				GCC_C_LANGUAGE_STANDARD = gnu99;
				GCC_DYNAMIC_NO_PIC = NO;
				GCC_NO_COMMON_BLOCKS = YES;
				GCC_OPTIMIZATION_LEVEL = 0;
				GCC_PREPROCESSOR_DEFINITIONS = (
					"DEBUG=1",
					"$(inherited)",
				);
				GCC_SYMBOLS_PRIVATE_EXTERN = NO;
				GCC_WARN_64_TO_32_BIT_CONVERSION = YES;
				GCC_WARN_ABOUT_RETURN_TYPE = YES_ERROR;
				GCC_WARN_UNDECLARED_SELECTOR = YES;
				GCC_WARN_UNINITIALIZED_AUTOS = YES_AGGRESSIVE;
				GCC_WARN_UNUSED_FUNCTION = YES;
				GCC_WARN_UNUSED_VARIABLE = YES;
				IPHONEOS_DEPLOYMENT_TARGET = 12.4;
				LD_RUNPATH_SEARCH_PATHS = (
					/usr/lib/swift,
					"$(inherited)",
				);
				LIBRARY_SEARCH_PATHS = (
					"\"$(SDKROOT)/usr/lib/swift\"",
					"\"$(TOOLCHAIN_DIR)/usr/lib/swift/$(PLATFORM_NAME)\"",
					"\"$(inherited)\"",
				);
				MTL_ENABLE_DEBUG_INFO = YES;
				ONLY_ACTIVE_ARCH = YES;
				OTHER_CFLAGS = "$(inherited)";
				OTHER_CPLUSPLUSFLAGS = (
					"$(OTHER_CFLAGS)",
					"-DFOLLY_NO_CONFIG",
					"-DFOLLY_MOBILE=1",
					"-DFOLLY_USE_LIBCPP=1",
				);
				REACT_NATIVE_PATH = "${PODS_ROOT}/../../node_modules/react-native";
				SDKROOT = iphoneos;
			};
			name = Debug;
		};
		83CBBA211A601CBA00E9B192 /* Release */ = {
			isa = XCBuildConfiguration;
			baseConfigurationReference = AD88A11D2AA0C63700C328EC /* Config.xcconfig */;
			buildSettings = {
				ALWAYS_SEARCH_USER_PATHS = NO;
				CLANG_ANALYZER_LOCALIZABILITY_NONLOCALIZED = YES;
				CLANG_CXX_LANGUAGE_STANDARD = "c++17";
				CLANG_CXX_LIBRARY = "libc++";
				CLANG_ENABLE_MODULES = YES;
				CLANG_ENABLE_OBJC_ARC = YES;
				CLANG_WARN_BLOCK_CAPTURE_AUTORELEASING = YES;
				CLANG_WARN_BOOL_CONVERSION = YES;
				CLANG_WARN_COMMA = YES;
				CLANG_WARN_CONSTANT_CONVERSION = YES;
				CLANG_WARN_DEPRECATED_OBJC_IMPLEMENTATIONS = YES;
				CLANG_WARN_DIRECT_OBJC_ISA_USAGE = YES_ERROR;
				CLANG_WARN_EMPTY_BODY = YES;
				CLANG_WARN_ENUM_CONVERSION = YES;
				CLANG_WARN_INFINITE_RECURSION = YES;
				CLANG_WARN_INT_CONVERSION = YES;
				CLANG_WARN_NON_LITERAL_NULL_CONVERSION = YES;
				CLANG_WARN_OBJC_IMPLICIT_RETAIN_SELF = YES;
				CLANG_WARN_OBJC_LITERAL_CONVERSION = YES;
				CLANG_WARN_OBJC_ROOT_CLASS = YES_ERROR;
				CLANG_WARN_QUOTED_INCLUDE_IN_FRAMEWORK_HEADER = YES;
				CLANG_WARN_RANGE_LOOP_ANALYSIS = YES;
				CLANG_WARN_STRICT_PROTOTYPES = YES;
				CLANG_WARN_SUSPICIOUS_MOVE = YES;
				CLANG_WARN_UNREACHABLE_CODE = YES;
				CLANG_WARN__DUPLICATE_METHOD_MATCH = YES;
				"CODE_SIGN_IDENTITY[sdk=iphoneos*]" = "iPhone Developer";
				COPY_PHASE_STRIP = YES;
				ENABLE_NS_ASSERTIONS = NO;
				ENABLE_STRICT_OBJC_MSGSEND = YES;
				"EXCLUDED_ARCHS[sdk=iphonesimulator*]" = i386;
				GCC_C_LANGUAGE_STANDARD = gnu99;
				GCC_NO_COMMON_BLOCKS = YES;
				GCC_WARN_64_TO_32_BIT_CONVERSION = YES;
				GCC_WARN_ABOUT_RETURN_TYPE = YES_ERROR;
				GCC_WARN_UNDECLARED_SELECTOR = YES;
				GCC_WARN_UNINITIALIZED_AUTOS = YES_AGGRESSIVE;
				GCC_WARN_UNUSED_FUNCTION = YES;
				GCC_WARN_UNUSED_VARIABLE = YES;
				IPHONEOS_DEPLOYMENT_TARGET = 12.4;
				LD_RUNPATH_SEARCH_PATHS = (
					/usr/lib/swift,
					"$(inherited)",
				);
				LIBRARY_SEARCH_PATHS = (
					"\"$(SDKROOT)/usr/lib/swift\"",
					"\"$(TOOLCHAIN_DIR)/usr/lib/swift/$(PLATFORM_NAME)\"",
					"\"$(inherited)\"",
				);
				MTL_ENABLE_DEBUG_INFO = NO;
				OTHER_CFLAGS = "$(inherited)";
				OTHER_CPLUSPLUSFLAGS = (
					"$(OTHER_CFLAGS)",
					"-DFOLLY_NO_CONFIG",
					"-DFOLLY_MOBILE=1",
					"-DFOLLY_USE_LIBCPP=1",
				);
				REACT_NATIVE_PATH = "${PODS_ROOT}/../../node_modules/react-native";
				SDKROOT = iphoneos;
				VALIDATE_PRODUCT = YES;
			};
			name = Release;
		};
		AD88A12D2AA0CAEB00C328EC /* Debug */ = {
			isa = XCBuildConfiguration;
			baseConfigurationReference = BC36D3153F40F2DB3FF488D7 /* Pods-RNTemplateDEV.debug.xcconfig */;
			buildSettings = {
				ASSETCATALOG_COMPILER_APPICON_NAME = AppIcon;
				CLANG_ENABLE_MODULES = YES;
				CURRENT_PROJECT_VERSION = 1;
				ENABLE_BITCODE = NO;
				INFOPLIST_FILE = "RNTemplate/RNTemplateDEV-Info.plist";
				LD_RUNPATH_SEARCH_PATHS = (
					"$(inherited)",
					"@executable_path/Frameworks",
				);
				MARKETING_VERSION = 1.0;
				OTHER_LDFLAGS = (
					"$(inherited)",
					"-ObjC",
					"-lc++",
				);
				PRODUCT_NAME = "$(TARGET_NAME)";
				SWIFT_OPTIMIZATION_LEVEL = "-Onone";
				SWIFT_VERSION = 5.0;
				VERSIONING_SYSTEM = "apple-generic";
			};
			name = Debug;
		};
		AD88A12E2AA0CAEB00C328EC /* Release */ = {
			isa = XCBuildConfiguration;
			baseConfigurationReference = 6D6A6BF578E6FCE995262A6D /* Pods-RNTemplateDEV.release.xcconfig */;
			buildSettings = {
				ASSETCATALOG_COMPILER_APPICON_NAME = AppIcon;
				CLANG_ENABLE_MODULES = YES;
				CURRENT_PROJECT_VERSION = 1;
				INFOPLIST_FILE = "RNTemplate/RNTemplateDEV-Info.plist";
				LD_RUNPATH_SEARCH_PATHS = (
					"$(inherited)",
					"@executable_path/Frameworks",
				);
				MARKETING_VERSION = 1.0;
				OTHER_LDFLAGS = (
					"$(inherited)",
					"-ObjC",
					"-lc++",
				);
				PRODUCT_NAME = "$(TARGET_NAME)";
				SWIFT_VERSION = 5.0;
				VERSIONING_SYSTEM = "apple-generic";
			};
			name = Release;
		};
		AD88A1402AA0CAEF00C328EC /* Debug */ = {
			isa = XCBuildConfiguration;
			baseConfigurationReference = 86349FBADF551C99D238737C /* Pods-RNTemplateQA.debug.xcconfig */;
			buildSettings = {
				ASSETCATALOG_COMPILER_APPICON_NAME = AppIcon;
				CLANG_ENABLE_MODULES = YES;
				CURRENT_PROJECT_VERSION = 1;
				ENABLE_BITCODE = NO;
				INFOPLIST_FILE = "RNTemplate/RNTemplateQA-Info.plist";
				LD_RUNPATH_SEARCH_PATHS = (
					"$(inherited)",
					"@executable_path/Frameworks",
				);
				MARKETING_VERSION = 1.0;
				OTHER_LDFLAGS = (
					"$(inherited)",
					"-ObjC",
					"-lc++",
				);
				PRODUCT_NAME = "$(TARGET_NAME)";
				SWIFT_OPTIMIZATION_LEVEL = "-Onone";
				SWIFT_VERSION = 5.0;
				VERSIONING_SYSTEM = "apple-generic";
			};
			name = Debug;
		};
		AD88A1412AA0CAEF00C328EC /* Release */ = {
			isa = XCBuildConfiguration;
			baseConfigurationReference = 13CDECFC4F00AE038E8D2E6A /* Pods-RNTemplateQA.release.xcconfig */;
			buildSettings = {
				ASSETCATALOG_COMPILER_APPICON_NAME = AppIcon;
				CLANG_ENABLE_MODULES = YES;
				CURRENT_PROJECT_VERSION = 1;
				INFOPLIST_FILE = "RNTemplate/RNTemplateQA-Info.plist";
				LD_RUNPATH_SEARCH_PATHS = (
					"$(inherited)",
					"@executable_path/Frameworks",
				);
				MARKETING_VERSION = 1.0;
				OTHER_LDFLAGS = (
					"$(inherited)",
					"-ObjC",
					"-lc++",
				);
				PRODUCT_NAME = "$(TARGET_NAME)";
				SWIFT_VERSION = 5.0;
				VERSIONING_SYSTEM = "apple-generic";
			};
			name = Release;
		};
		AD88A1532AA0CAF300C328EC /* Debug */ = {
			isa = XCBuildConfiguration;
			baseConfigurationReference = 087F23BE6D9A838CC2DA3705 /* Pods-RNTemplateUAT.debug.xcconfig */;
			buildSettings = {
				ASSETCATALOG_COMPILER_APPICON_NAME = AppIcon;
				CLANG_ENABLE_MODULES = YES;
				CURRENT_PROJECT_VERSION = 1;
				ENABLE_BITCODE = NO;
				INFOPLIST_FILE = "RNTemplate/RNTemplateUAT-Info.plist";
				LD_RUNPATH_SEARCH_PATHS = (
					"$(inherited)",
					"@executable_path/Frameworks",
				);
				MARKETING_VERSION = 1.0;
				OTHER_LDFLAGS = (
					"$(inherited)",
					"-ObjC",
					"-lc++",
				);
				PRODUCT_NAME = "$(TARGET_NAME)";
				SWIFT_OPTIMIZATION_LEVEL = "-Onone";
				SWIFT_VERSION = 5.0;
				VERSIONING_SYSTEM = "apple-generic";
			};
			name = Debug;
		};
		AD88A1542AA0CAF300C328EC /* Release */ = {
			isa = XCBuildConfiguration;
			baseConfigurationReference = F02945A0252F01CA9E0E1E4B /* Pods-RNTemplateUAT.release.xcconfig */;
			buildSettings = {
				ASSETCATALOG_COMPILER_APPICON_NAME = AppIcon;
				CLANG_ENABLE_MODULES = YES;
				CURRENT_PROJECT_VERSION = 1;
				INFOPLIST_FILE = "RNTemplate/RNTemplateUAT-Info.plist";
				LD_RUNPATH_SEARCH_PATHS = (
					"$(inherited)",
					"@executable_path/Frameworks",
				);
				MARKETING_VERSION = 1.0;
				OTHER_LDFLAGS = (
					"$(inherited)",
					"-ObjC",
					"-lc++",
				);
				PRODUCT_NAME = "$(TARGET_NAME)";
				SWIFT_VERSION = 5.0;
				VERSIONING_SYSTEM = "apple-generic";
			};
			name = Release;
		};
/* End XCBuildConfiguration section */

/* Begin XCConfigurationList section */
		00E357021AD99517003FC87E /* Build configuration list for PBXNativeTarget "RNTemplateTests" */ = {
			isa = XCConfigurationList;
			buildConfigurations = (
				00E356F61AD99517003FC87E /* Debug */,
				00E356F71AD99517003FC87E /* Release */,
			);
			defaultConfigurationIsVisible = 0;
			defaultConfigurationName = Release;
		};
		13B07F931A680F5B00A75B9A /* Build configuration list for PBXNativeTarget "RNTemplate" */ = {
			isa = XCConfigurationList;
			buildConfigurations = (
				13B07F941A680F5B00A75B9A /* Debug */,
				13B07F951A680F5B00A75B9A /* Release */,
			);
			defaultConfigurationIsVisible = 0;
			defaultConfigurationName = Release;
		};
		83CBB9FA1A601CBA00E9B192 /* Build configuration list for PBXProject "RNTemplate" */ = {
			isa = XCConfigurationList;
			buildConfigurations = (
				83CBBA201A601CBA00E9B192 /* Debug */,
				83CBBA211A601CBA00E9B192 /* Release */,
			);
			defaultConfigurationIsVisible = 0;
			defaultConfigurationName = Release;
		};
		AD88A12C2AA0CAEB00C328EC /* Build configuration list for PBXNativeTarget "RNTemplateDEV" */ = {
			isa = XCConfigurationList;
			buildConfigurations = (
				AD88A12D2AA0CAEB00C328EC /* Debug */,
				AD88A12E2AA0CAEB00C328EC /* Release */,
			);
			defaultConfigurationIsVisible = 0;
			defaultConfigurationName = Release;
		};
		AD88A13F2AA0CAEF00C328EC /* Build configuration list for PBXNativeTarget "RNTemplateQA" */ = {
			isa = XCConfigurationList;
			buildConfigurations = (
				AD88A1402AA0CAEF00C328EC /* Debug */,
				AD88A1412AA0CAEF00C328EC /* Release */,
			);
			defaultConfigurationIsVisible = 0;
			defaultConfigurationName = Release;
		};
		AD88A1522AA0CAF300C328EC /* Build configuration list for PBXNativeTarget "RNTemplateUAT" */ = {
			isa = XCConfigurationList;
			buildConfigurations = (
				AD88A1532AA0CAF300C328EC /* Debug */,
				AD88A1542AA0CAF300C328EC /* Release */,
			);
			defaultConfigurationIsVisible = 0;
			defaultConfigurationName = Release;
		};
/* End XCConfigurationList section */
	};
	rootObject = 83CBB9F71A601CBA00E9B192 /* Project object */;
}
